// !$*UTF8*$!
{
	archiveVersion = 1;
	classes = {
	};
	objectVersion = 56;
	objects = {

/* Begin PBXBuildFile section */
		7115C37A294F36F700E6DEA5 /* ExtensionsUnitTest.swift in Sources */ = {isa = PBXBuildFile; fileRef = 7115C379294F36F700E6DEA5 /* ExtensionsUnitTest.swift */; };
		7115C37C294F3AF400E6DEA5 /* LocalNotificationManagerUnitTest.swift in Sources */ = {isa = PBXBuildFile; fileRef = 7115C37B294F3AF400E6DEA5 /* LocalNotificationManagerUnitTest.swift */; };
		711C0F03294E99C4003D6C92 /* GameNoteAddingEditingViewModelUnitTest.swift in Sources */ = {isa = PBXBuildFile; fileRef = 711C0F02294E99C4003D6C92 /* GameNoteAddingEditingViewModelUnitTest.swift */; };
		7142B97A294DF87B00E5A033 /* DateExtension.swift in Sources */ = {isa = PBXBuildFile; fileRef = 7142B979294DF87B00E5A033 /* DateExtension.swift */; };
		7142B97E294E27E400E5A033 /* AppDelegate.swift in Sources */ = {isa = PBXBuildFile; fileRef = 71C1400329432BE000B85AD6 /* AppDelegate.swift */; };
		7142B98B294E4E5800E5A033 /* GameDetailViewModelFetchUnitTest.swift in Sources */ = {isa = PBXBuildFile; fileRef = 7142B98A294E4E5800E5A033 /* GameDetailViewModelFetchUnitTest.swift */; };
		716727552944BA4B00F8527F /* FavoriteGameListViewController.swift in Sources */ = {isa = PBXBuildFile; fileRef = 716727542944BA4B00F8527F /* FavoriteGameListViewController.swift */; };
		716727572944BCD500F8527F /* FavoriteGameListViewModel.swift in Sources */ = {isa = PBXBuildFile; fileRef = 716727562944BCD500F8527F /* FavoriteGameListViewModel.swift */; };
		7167275B2944C5F600F8527F /* FavoriteGameListTableViewCell.swift in Sources */ = {isa = PBXBuildFile; fileRef = 7167275A2944C5F600F8527F /* FavoriteGameListTableViewCell.swift */; };
		716727642945312E00F8527F /* GameNoteListViewController.swift in Sources */ = {isa = PBXBuildFile; fileRef = 716727632945312E00F8527F /* GameNoteListViewController.swift */; };
		71672766294536AD00F8527F /* GameNoteListViewModel.swift in Sources */ = {isa = PBXBuildFile; fileRef = 71672765294536AD00F8527F /* GameNoteListViewModel.swift */; };
		716727682945393A00F8527F /* GameNoteAddingEditingViewController.swift in Sources */ = {isa = PBXBuildFile; fileRef = 716727672945393A00F8527F /* GameNoteAddingEditingViewController.swift */; };
		7167276A29453F6400F8527F /* GameNotAddingEditingViewModel.swift in Sources */ = {isa = PBXBuildFile; fileRef = 7167276929453F6400F8527F /* GameNotAddingEditingViewModel.swift */; };
		7167276C29460EFD00F8527F /* GameNoteListTableViewCell.swift in Sources */ = {isa = PBXBuildFile; fileRef = 7167276B29460EFD00F8527F /* GameNoteListTableViewCell.swift */; };
		7167276F29467DBB00F8527F /* StringExtension.swift in Sources */ = {isa = PBXBuildFile; fileRef = 7167276E29467DBB00F8527F /* StringExtension.swift */; };
		7167277A2946817300F8527F /* Localizable.strings in Resources */ = {isa = PBXBuildFile; fileRef = 7167277C2946817300F8527F /* Localizable.strings */; };
		7167277F29471D6F00F8527F /* LocalNotificationManager.swift in Sources */ = {isa = PBXBuildFile; fileRef = 7167277E29471D6F00F8527F /* LocalNotificationManager.swift */; };
		71677FF9294C6FD000AEE426 /* IconLabelStackView.swift in Sources */ = {isa = PBXBuildFile; fileRef = 71677FF8294C6FD000AEE426 /* IconLabelStackView.swift */; };
		71A5D41D2943F9B2000B4E53 /* GameDetailViewModel.swift in Sources */ = {isa = PBXBuildFile; fileRef = 71A5D41C2943F9B2000B4E53 /* GameDetailViewModel.swift */; };
		71A5D41F29448DD2000B4E53 /* GameDetailViewController.swift in Sources */ = {isa = PBXBuildFile; fileRef = 71A5D41E29448DD2000B4E53 /* GameDetailViewController.swift */; };
		71A5D4212944A711000B4E53 /* CoreDataManager.swift in Sources */ = {isa = PBXBuildFile; fileRef = 71A5D4202944A711000B4E53 /* CoreDataManager.swift */; };
		71AACCCF2948A05400EEE387 /* GameNoteReminderTableViewCell.swift in Sources */ = {isa = PBXBuildFile; fileRef = 71AACCCE2948A05400EEE387 /* GameNoteReminderTableViewCell.swift */; };
		71AACCD42949DC8E00EEE387 /* UIViewExtension.swift in Sources */ = {isa = PBXBuildFile; fileRef = 71AACCD32949DC8E00EEE387 /* UIViewExtension.swift */; };
		71C1400629432BE000B85AD6 /* SceneDelegate.swift in Sources */ = {isa = PBXBuildFile; fileRef = 71C1400529432BE000B85AD6 /* SceneDelegate.swift */; };
		71C1400829432BE000B85AD6 /* GameListViewController.swift in Sources */ = {isa = PBXBuildFile; fileRef = 71C1400729432BE000B85AD6 /* GameListViewController.swift */; };
		71C1400B29432BE000B85AD6 /* Main.storyboard in Resources */ = {isa = PBXBuildFile; fileRef = 71C1400929432BE000B85AD6 /* Main.storyboard */; };
		71C1401029432BE100B85AD6 /* Assets.xcassets in Resources */ = {isa = PBXBuildFile; fileRef = 71C1400F29432BE100B85AD6 /* Assets.xcassets */; };
		71C1401329432BE100B85AD6 /* LaunchScreen.storyboard in Resources */ = {isa = PBXBuildFile; fileRef = 71C1401129432BE100B85AD6 /* LaunchScreen.storyboard */; };
		71C140D229435CC100B85AD6 /* Client.swift in Sources */ = {isa = PBXBuildFile; fileRef = 71C140D129435CC100B85AD6 /* Client.swift */; };
		71C140D429435DB800B85AD6 /* Constants.swift in Sources */ = {isa = PBXBuildFile; fileRef = 71C140D329435DB800B85AD6 /* Constants.swift */; };
		71C140D62943676E00B85AD6 /* GetGamesResponseModel.swift in Sources */ = {isa = PBXBuildFile; fileRef = 71C140D52943676E00B85AD6 /* GetGamesResponseModel.swift */; };
		71C140D8294367AE00B85AD6 /* GameModel.swift in Sources */ = {isa = PBXBuildFile; fileRef = 71C140D7294367AE00B85AD6 /* GameModel.swift */; };
		71C140DC294373E700B85AD6 /* GameListViewModel.swift in Sources */ = {isa = PBXBuildFile; fileRef = 71C140DB294373E700B85AD6 /* GameListViewModel.swift */; };
		71C140E329438A0400B85AD6 /* GameListTableViewCell.swift in Sources */ = {isa = PBXBuildFile; fileRef = 71C140E229438A0400B85AD6 /* GameListTableViewCell.swift */; };
		71C140E72943BB6B00B85AD6 /* BaseViewController.swift in Sources */ = {isa = PBXBuildFile; fileRef = 71C140E62943BB6B00B85AD6 /* BaseViewController.swift */; };
		71C140EE2943D29F00B85AD6 /* GameDetailModel.swift in Sources */ = {isa = PBXBuildFile; fileRef = 71C140ED2943D29F00B85AD6 /* GameDetailModel.swift */; };
		71F48F64294E6F3800151237 /* FavoriteGameListViewModelUnitTest.swift in Sources */ = {isa = PBXBuildFile; fileRef = 71F48F63294E6F3800151237 /* FavoriteGameListViewModelUnitTest.swift */; };
		71F48F6A294E835300151237 /* GameNoteListViewModelUnitTest.swift in Sources */ = {isa = PBXBuildFile; fileRef = 71F48F69294E835300151237 /* GameNoteListViewModelUnitTest.swift */; };
		EDE0ED3A294E2E2F00D679EC /* RAWGVideoGames.xcdatamodeld in Sources */ = {isa = PBXBuildFile; fileRef = EDE0ED38294E2E2F00D679EC /* RAWGVideoGames.xcdatamodeld */; };
		EDE0ED3E294E301C00D679EC /* SDWebImage in Frameworks */ = {isa = PBXBuildFile; productRef = EDE0ED3D294E301C00D679EC /* SDWebImage */; };
		EDE0ED4E294E316F00D679EC /* GameDetailViewModelUnitTest.swift in Sources */ = {isa = PBXBuildFile; fileRef = EDE0ED4C294E316E00D679EC /* GameDetailViewModelUnitTest.swift */; };
		EDE0ED4F294E316F00D679EC /* GameListViewModelUnitTest.swift in Sources */ = {isa = PBXBuildFile; fileRef = EDE0ED4D294E316F00D679EC /* GameListViewModelUnitTest.swift */; };
		EDE0ED52294E31C300D679EC /* SDWebImage in Frameworks */ = {isa = PBXBuildFile; productRef = EDE0ED51294E31C300D679EC /* SDWebImage */; };
/* End PBXBuildFile section */

/* Begin PBXContainerItemProxy section */
		EDE0ED47294E315500D679EC /* PBXContainerItemProxy */ = {
			isa = PBXContainerItemProxy;
			containerPortal = 71C13FF829432BE000B85AD6 /* Project object */;
			proxyType = 1;
			remoteGlobalIDString = 71C13FFF29432BE000B85AD6;
			remoteInfo = RAWGVideoGames;
		};
/* End PBXContainerItemProxy section */

/* Begin PBXFileReference section */
		7115C379294F36F700E6DEA5 /* ExtensionsUnitTest.swift */ = {isa = PBXFileReference; lastKnownFileType = sourcecode.swift; path = ExtensionsUnitTest.swift; sourceTree = "<group>"; };
		7115C37B294F3AF400E6DEA5 /* LocalNotificationManagerUnitTest.swift */ = {isa = PBXFileReference; lastKnownFileType = sourcecode.swift; path = LocalNotificationManagerUnitTest.swift; sourceTree = "<group>"; };
		7115C383294F83BD00E6DEA5 /* RAWGVideoGames.app */ = {isa = PBXFileReference; explicitFileType = wrapper.application; includeInIndex = 0; name = RAWGVideoGames.app; path = "/Users/ogunbirinci/Desktop/final-project-ogunbrnc/RAWGVideoGames/build/Debug-iphoneos/RAWGVideoGames.app"; sourceTree = "<absolute>"; };
		7115C384294F83BD00E6DEA5 /* RAWGVideoGamesTests.xctest */ = {isa = PBXFileReference; explicitFileType = wrapper.cfbundle; includeInIndex = 0; name = RAWGVideoGamesTests.xctest; path = "/Users/ogunbirinci/Desktop/final-project-ogunbrnc/RAWGVideoGames/build/Debug/RAWGVideoGamesTests.xctest"; sourceTree = "<absolute>"; };
		711C0F02294E99C4003D6C92 /* GameNoteAddingEditingViewModelUnitTest.swift */ = {isa = PBXFileReference; lastKnownFileType = sourcecode.swift; path = GameNoteAddingEditingViewModelUnitTest.swift; sourceTree = "<group>"; };
		7142B979294DF87B00E5A033 /* DateExtension.swift */ = {isa = PBXFileReference; lastKnownFileType = sourcecode.swift; path = DateExtension.swift; sourceTree = "<group>"; };
		7142B97D294DFCDB00E5A033 /* tr */ = {isa = PBXFileReference; lastKnownFileType = text.plist.strings; name = tr; path = tr.lproj/Main.strings; sourceTree = "<group>"; };
		7142B98A294E4E5800E5A033 /* GameDetailViewModelFetchUnitTest.swift */ = {isa = PBXFileReference; lastKnownFileType = sourcecode.swift; path = GameDetailViewModelFetchUnitTest.swift; sourceTree = "<group>"; };
		716727542944BA4B00F8527F /* FavoriteGameListViewController.swift */ = {isa = PBXFileReference; lastKnownFileType = sourcecode.swift; path = FavoriteGameListViewController.swift; sourceTree = "<group>"; };
		716727562944BCD500F8527F /* FavoriteGameListViewModel.swift */ = {isa = PBXFileReference; lastKnownFileType = sourcecode.swift; path = FavoriteGameListViewModel.swift; sourceTree = "<group>"; };
		7167275A2944C5F600F8527F /* FavoriteGameListTableViewCell.swift */ = {isa = PBXFileReference; lastKnownFileType = sourcecode.swift; path = FavoriteGameListTableViewCell.swift; sourceTree = "<group>"; };
		716727632945312E00F8527F /* GameNoteListViewController.swift */ = {isa = PBXFileReference; lastKnownFileType = sourcecode.swift; path = GameNoteListViewController.swift; sourceTree = "<group>"; };
		71672765294536AD00F8527F /* GameNoteListViewModel.swift */ = {isa = PBXFileReference; lastKnownFileType = sourcecode.swift; path = GameNoteListViewModel.swift; sourceTree = "<group>"; };
		716727672945393A00F8527F /* GameNoteAddingEditingViewController.swift */ = {isa = PBXFileReference; lastKnownFileType = sourcecode.swift; path = GameNoteAddingEditingViewController.swift; sourceTree = "<group>"; };
		7167276929453F6400F8527F /* GameNotAddingEditingViewModel.swift */ = {isa = PBXFileReference; lastKnownFileType = sourcecode.swift; path = GameNotAddingEditingViewModel.swift; sourceTree = "<group>"; };
		7167276B29460EFD00F8527F /* GameNoteListTableViewCell.swift */ = {isa = PBXFileReference; lastKnownFileType = sourcecode.swift; path = GameNoteListTableViewCell.swift; sourceTree = "<group>"; };
		7167276E29467DBB00F8527F /* StringExtension.swift */ = {isa = PBXFileReference; lastKnownFileType = sourcecode.swift; path = StringExtension.swift; sourceTree = "<group>"; };
		7167277129467EBF00F8527F /* tr */ = {isa = PBXFileReference; lastKnownFileType = text.plist.strings; name = tr; path = tr.lproj/LaunchScreen.strings; sourceTree = "<group>"; };
		7167277B2946817300F8527F /* en */ = {isa = PBXFileReference; lastKnownFileType = text.plist.strings; name = en; path = en.lproj/Localizable.strings; sourceTree = "<group>"; };
		7167277D2946817600F8527F /* tr */ = {isa = PBXFileReference; lastKnownFileType = text.plist.strings; name = tr; path = tr.lproj/Localizable.strings; sourceTree = "<group>"; };
		7167277E29471D6F00F8527F /* LocalNotificationManager.swift */ = {isa = PBXFileReference; lastKnownFileType = sourcecode.swift; path = LocalNotificationManager.swift; sourceTree = "<group>"; };
		71677FF8294C6FD000AEE426 /* IconLabelStackView.swift */ = {isa = PBXFileReference; lastKnownFileType = sourcecode.swift; path = IconLabelStackView.swift; sourceTree = "<group>"; };
		71A5D41C2943F9B2000B4E53 /* GameDetailViewModel.swift */ = {isa = PBXFileReference; lastKnownFileType = sourcecode.swift; path = GameDetailViewModel.swift; sourceTree = "<group>"; };
		71A5D41E29448DD2000B4E53 /* GameDetailViewController.swift */ = {isa = PBXFileReference; lastKnownFileType = sourcecode.swift; path = GameDetailViewController.swift; sourceTree = "<group>"; };
		71A5D4202944A711000B4E53 /* CoreDataManager.swift */ = {isa = PBXFileReference; lastKnownFileType = sourcecode.swift; path = CoreDataManager.swift; sourceTree = "<group>"; };
		71AACCCE2948A05400EEE387 /* GameNoteReminderTableViewCell.swift */ = {isa = PBXFileReference; lastKnownFileType = sourcecode.swift; path = GameNoteReminderTableViewCell.swift; sourceTree = "<group>"; };
		71AACCD32949DC8E00EEE387 /* UIViewExtension.swift */ = {isa = PBXFileReference; lastKnownFileType = sourcecode.swift; path = UIViewExtension.swift; sourceTree = "<group>"; };
		71C1400329432BE000B85AD6 /* AppDelegate.swift */ = {isa = PBXFileReference; lastKnownFileType = sourcecode.swift; path = AppDelegate.swift; sourceTree = "<group>"; };
		71C1400529432BE000B85AD6 /* SceneDelegate.swift */ = {isa = PBXFileReference; lastKnownFileType = sourcecode.swift; path = SceneDelegate.swift; sourceTree = "<group>"; };
		71C1400729432BE000B85AD6 /* GameListViewController.swift */ = {isa = PBXFileReference; lastKnownFileType = sourcecode.swift; path = GameListViewController.swift; sourceTree = "<group>"; };
		71C1400A29432BE000B85AD6 /* Base */ = {isa = PBXFileReference; lastKnownFileType = file.storyboard; name = Base; path = Base.lproj/Main.storyboard; sourceTree = "<group>"; };
		71C1400F29432BE100B85AD6 /* Assets.xcassets */ = {isa = PBXFileReference; lastKnownFileType = folder.assetcatalog; path = Assets.xcassets; sourceTree = "<group>"; };
		71C1401229432BE100B85AD6 /* Base */ = {isa = PBXFileReference; lastKnownFileType = file.storyboard; name = Base; path = Base.lproj/LaunchScreen.storyboard; sourceTree = "<group>"; };
		71C1401429432BE100B85AD6 /* Info.plist */ = {isa = PBXFileReference; lastKnownFileType = text.plist.xml; path = Info.plist; sourceTree = "<group>"; };
		71C140D129435CC100B85AD6 /* Client.swift */ = {isa = PBXFileReference; lastKnownFileType = sourcecode.swift; path = Client.swift; sourceTree = "<group>"; };
		71C140D329435DB800B85AD6 /* Constants.swift */ = {isa = PBXFileReference; lastKnownFileType = sourcecode.swift; path = Constants.swift; sourceTree = "<group>"; };
		71C140D52943676E00B85AD6 /* GetGamesResponseModel.swift */ = {isa = PBXFileReference; lastKnownFileType = sourcecode.swift; path = GetGamesResponseModel.swift; sourceTree = "<group>"; };
		71C140D7294367AE00B85AD6 /* GameModel.swift */ = {isa = PBXFileReference; lastKnownFileType = sourcecode.swift; path = GameModel.swift; sourceTree = "<group>"; };
		71C140DB294373E700B85AD6 /* GameListViewModel.swift */ = {isa = PBXFileReference; lastKnownFileType = sourcecode.swift; path = GameListViewModel.swift; sourceTree = "<group>"; };
		71C140E229438A0400B85AD6 /* GameListTableViewCell.swift */ = {isa = PBXFileReference; lastKnownFileType = sourcecode.swift; path = GameListTableViewCell.swift; sourceTree = "<group>"; };
		71C140E62943BB6B00B85AD6 /* BaseViewController.swift */ = {isa = PBXFileReference; lastKnownFileType = sourcecode.swift; path = BaseViewController.swift; sourceTree = "<group>"; };
		71C140ED2943D29F00B85AD6 /* GameDetailModel.swift */ = {isa = PBXFileReference; lastKnownFileType = sourcecode.swift; path = GameDetailModel.swift; sourceTree = "<group>"; };
		71F48F63294E6F3800151237 /* FavoriteGameListViewModelUnitTest.swift */ = {isa = PBXFileReference; lastKnownFileType = sourcecode.swift; path = FavoriteGameListViewModelUnitTest.swift; sourceTree = "<group>"; };
		71F48F69294E835300151237 /* GameNoteListViewModelUnitTest.swift */ = {isa = PBXFileReference; lastKnownFileType = sourcecode.swift; path = GameNoteListViewModelUnitTest.swift; sourceTree = "<group>"; };
		EDE0ED39294E2E2F00D679EC /* RAWGVideoGames.xcdatamodel */ = {isa = PBXFileReference; lastKnownFileType = wrapper.xcdatamodel; path = RAWGVideoGames.xcdatamodel; sourceTree = "<group>"; };
		EDE0ED4C294E316E00D679EC /* GameDetailViewModelUnitTest.swift */ = {isa = PBXFileReference; fileEncoding = 4; lastKnownFileType = sourcecode.swift; path = GameDetailViewModelUnitTest.swift; sourceTree = "<group>"; };
		EDE0ED4D294E316F00D679EC /* GameListViewModelUnitTest.swift */ = {isa = PBXFileReference; fileEncoding = 4; lastKnownFileType = sourcecode.swift; path = GameListViewModelUnitTest.swift; sourceTree = "<group>"; };
/* End PBXFileReference section */

/* Begin PBXFrameworksBuildPhase section */
		71C13FFD29432BE000B85AD6 /* Frameworks */ = {
			isa = PBXFrameworksBuildPhase;
			buildActionMask = 2147483647;
			files = (
				EDE0ED3E294E301C00D679EC /* SDWebImage in Frameworks */,
			);
			runOnlyForDeploymentPostprocessing = 0;
		};
		EDE0ED40294E315500D679EC /* Frameworks */ = {
			isa = PBXFrameworksBuildPhase;
			buildActionMask = 2147483647;
			files = (
				EDE0ED52294E31C300D679EC /* SDWebImage in Frameworks */,
			);
			runOnlyForDeploymentPostprocessing = 0;
		};
/* End PBXFrameworksBuildPhase section */

/* Begin PBXGroup section */
		7167275E29452F6100F8527F /* GameNotes */ = {
			isa = PBXGroup;
			children = (
				716727612945301000F8527F /* View */,
				716727602945300A00F8527F /* ViewModel */,
				7167275F2945300000F8527F /* Controller */,
			);
			path = GameNotes;
			sourceTree = "<group>";
		};
		7167275F2945300000F8527F /* Controller */ = {
			isa = PBXGroup;
			children = (
				716727632945312E00F8527F /* GameNoteListViewController.swift */,
				716727672945393A00F8527F /* GameNoteAddingEditingViewController.swift */,
			);
			path = Controller;
			sourceTree = "<group>";
		};
		716727602945300A00F8527F /* ViewModel */ = {
			isa = PBXGroup;
			children = (
				71672765294536AD00F8527F /* GameNoteListViewModel.swift */,
				7167276929453F6400F8527F /* GameNotAddingEditingViewModel.swift */,
			);
			path = ViewModel;
			sourceTree = "<group>";
		};
		716727612945301000F8527F /* View */ = {
			isa = PBXGroup;
			children = (
				7167276B29460EFD00F8527F /* GameNoteListTableViewCell.swift */,
				71AACCCE2948A05400EEE387 /* GameNoteReminderTableViewCell.swift */,
			);
			path = View;
			sourceTree = "<group>";
		};
		7167276D29467D6B00F8527F /* Extension */ = {
			isa = PBXGroup;
			children = (
				7167276E29467DBB00F8527F /* StringExtension.swift */,
				71AACCD32949DC8E00EEE387 /* UIViewExtension.swift */,
				7142B979294DF87B00E5A033 /* DateExtension.swift */,
			);
			path = Extension;
			sourceTree = "<group>";
		};
		71A5D4222944B9A5000B4E53 /* FavoriteGameList */ = {
			isa = PBXGroup;
			children = (
				71A5D4262944B9CA000B4E53 /* View */,
				71A5D4252944B9C6000B4E53 /* ViewModel */,
				71A5D4232944B9BD000B4E53 /* Controller */,
			);
			path = FavoriteGameList;
			sourceTree = "<group>";
		};
		71A5D4232944B9BD000B4E53 /* Controller */ = {
			isa = PBXGroup;
			children = (
				716727542944BA4B00F8527F /* FavoriteGameListViewController.swift */,
			);
			path = Controller;
			sourceTree = "<group>";
		};
		71A5D4252944B9C6000B4E53 /* ViewModel */ = {
			isa = PBXGroup;
			children = (
				716727562944BCD500F8527F /* FavoriteGameListViewModel.swift */,
			);
			path = ViewModel;
			sourceTree = "<group>";
		};
		71A5D4262944B9CA000B4E53 /* View */ = {
			isa = PBXGroup;
			children = (
				7167275A2944C5F600F8527F /* FavoriteGameListTableViewCell.swift */,
			);
			path = View;
			sourceTree = "<group>";
		};
		71C13FF729432BE000B85AD6 = {
			isa = PBXGroup;
			children = (
				71C1400229432BE000B85AD6 /* RAWGVideoGames */,
				EDE0ED44294E315500D679EC /* RAWGVideoGamesTests */,
			);
			sourceTree = "<group>";
		};
		71C1400229432BE000B85AD6 /* RAWGVideoGames */ = {
			isa = PBXGroup;
			children = (
				7167276D29467D6B00F8527F /* Extension */,
				71C140D029435CB300B85AD6 /* Core */,
				71C14038294331FE00B85AD6 /* Scene */,
				71C14036294331BB00B85AD6 /* App */,
				71C1401429432BE100B85AD6 /* Info.plist */,
				EDE0ED38294E2E2F00D679EC /* RAWGVideoGames.xcdatamodeld */,
			);
			path = RAWGVideoGames;
			sourceTree = "<group>";
		};
		71C14036294331BB00B85AD6 /* App */ = {
			isa = PBXGroup;
			children = (
				71C1400929432BE000B85AD6 /* Main.storyboard */,
				71C1401129432BE100B85AD6 /* LaunchScreen.storyboard */,
				71C1400329432BE000B85AD6 /* AppDelegate.swift */,
				71C1400529432BE000B85AD6 /* SceneDelegate.swift */,
				71C1400F29432BE100B85AD6 /* Assets.xcassets */,
				71C140D329435DB800B85AD6 /* Constants.swift */,
			);
			path = App;
			sourceTree = "<group>";
		};
		71C14038294331FE00B85AD6 /* Scene */ = {
			isa = PBXGroup;
			children = (
				7167275E29452F6100F8527F /* GameNotes */,
				71A5D4222944B9A5000B4E53 /* FavoriteGameList */,
				71C140E82943D09800B85AD6 /* GameDetail */,
				71C140C7294358CA00B85AD6 /* GameList */,
			);
			path = Scene;
			sourceTree = "<group>";
		};
		71C140C7294358CA00B85AD6 /* GameList */ = {
			isa = PBXGroup;
			children = (
				71C140CB294358E000B85AD6 /* View */,
				71C140CA294358DA00B85AD6 /* ViewModel */,
				71C140C9294358D600B85AD6 /* Model */,
				71C140C8294358D100B85AD6 /* Controller */,
			);
			path = GameList;
			sourceTree = "<group>";
		};
		71C140C8294358D100B85AD6 /* Controller */ = {
			isa = PBXGroup;
			children = (
				71C1400729432BE000B85AD6 /* GameListViewController.swift */,
			);
			path = Controller;
			sourceTree = "<group>";
		};
		71C140C9294358D600B85AD6 /* Model */ = {
			isa = PBXGroup;
			children = (
				71C140D52943676E00B85AD6 /* GetGamesResponseModel.swift */,
				71C140D7294367AE00B85AD6 /* GameModel.swift */,
			);
			path = Model;
			sourceTree = "<group>";
		};
		71C140CA294358DA00B85AD6 /* ViewModel */ = {
			isa = PBXGroup;
			children = (
				71C140DB294373E700B85AD6 /* GameListViewModel.swift */,
			);
			path = ViewModel;
			sourceTree = "<group>";
		};
		71C140CB294358E000B85AD6 /* View */ = {
			isa = PBXGroup;
			children = (
				71C140E229438A0400B85AD6 /* GameListTableViewCell.swift */,
				71677FF8294C6FD000AEE426 /* IconLabelStackView.swift */,
			);
			path = View;
			sourceTree = "<group>";
		};
		71C140D029435CB300B85AD6 /* Core */ = {
			isa = PBXGroup;
			children = (
				71C140D129435CC100B85AD6 /* Client.swift */,
				71C140E62943BB6B00B85AD6 /* BaseViewController.swift */,
				71A5D4202944A711000B4E53 /* CoreDataManager.swift */,
				7167277C2946817300F8527F /* Localizable.strings */,
				7167277E29471D6F00F8527F /* LocalNotificationManager.swift */,
			);
			path = Core;
			sourceTree = "<group>";
		};
		71C140E82943D09800B85AD6 /* GameDetail */ = {
			isa = PBXGroup;
			children = (
				71C140EC2943D0AD00B85AD6 /* Controller */,
				71C140EB2943D0AA00B85AD6 /* Model */,
				71C140EA2943D0A600B85AD6 /* ViewModel */,
			);
			path = GameDetail;
			sourceTree = "<group>";
		};
		71C140EA2943D0A600B85AD6 /* ViewModel */ = {
			isa = PBXGroup;
			children = (
				71A5D41C2943F9B2000B4E53 /* GameDetailViewModel.swift */,
			);
			path = ViewModel;
			sourceTree = "<group>";
		};
		71C140EB2943D0AA00B85AD6 /* Model */ = {
			isa = PBXGroup;
			children = (
				71C140ED2943D29F00B85AD6 /* GameDetailModel.swift */,
			);
			path = Model;
			sourceTree = "<group>";
		};
		71C140EC2943D0AD00B85AD6 /* Controller */ = {
			isa = PBXGroup;
			children = (
				71A5D41E29448DD2000B4E53 /* GameDetailViewController.swift */,
			);
			path = Controller;
			sourceTree = "<group>";
		};
		EDE0ED44294E315500D679EC /* RAWGVideoGamesTests */ = {
			isa = PBXGroup;
			children = (
				EDE0ED4C294E316E00D679EC /* GameDetailViewModelUnitTest.swift */,
				EDE0ED4D294E316F00D679EC /* GameListViewModelUnitTest.swift */,
				7142B98A294E4E5800E5A033 /* GameDetailViewModelFetchUnitTest.swift */,
				71F48F63294E6F3800151237 /* FavoriteGameListViewModelUnitTest.swift */,
				71F48F69294E835300151237 /* GameNoteListViewModelUnitTest.swift */,
				711C0F02294E99C4003D6C92 /* GameNoteAddingEditingViewModelUnitTest.swift */,
				7115C379294F36F700E6DEA5 /* ExtensionsUnitTest.swift */,
				7115C37B294F3AF400E6DEA5 /* LocalNotificationManagerUnitTest.swift */,
			);
			path = RAWGVideoGamesTests;
			sourceTree = "<group>";
		};
/* End PBXGroup section */

/* Begin PBXNativeTarget section */
		71C13FFF29432BE000B85AD6 /* RAWGVideoGames */ = {
			isa = PBXNativeTarget;
			buildConfigurationList = 71C1402D29432BE100B85AD6 /* Build configuration list for PBXNativeTarget "RAWGVideoGames" */;
			buildPhases = (
				71C13FFC29432BE000B85AD6 /* Sources */,
				71C13FFD29432BE000B85AD6 /* Frameworks */,
				71C13FFE29432BE000B85AD6 /* Resources */,
			);
			buildRules = (
			);
			dependencies = (
			);
			name = RAWGVideoGames;
			packageProductDependencies = (
				EDE0ED3D294E301C00D679EC /* SDWebImage */,
			);
			productName = RAWGVideoGames;
			productReference = 7115C383294F83BD00E6DEA5 /* RAWGVideoGames.app */;
			productType = "com.apple.product-type.application";
		};
		EDE0ED42294E315500D679EC /* RAWGVideoGamesTests */ = {
			isa = PBXNativeTarget;
			buildConfigurationList = EDE0ED49294E315500D679EC /* Build configuration list for PBXNativeTarget "RAWGVideoGamesTests" */;
			buildPhases = (
				EDE0ED3F294E315500D679EC /* Sources */,
				EDE0ED40294E315500D679EC /* Frameworks */,
				EDE0ED41294E315500D679EC /* Resources */,
			);
			buildRules = (
			);
			dependencies = (
				EDE0ED48294E315500D679EC /* PBXTargetDependency */,
			);
			name = RAWGVideoGamesTests;
			packageProductDependencies = (
				EDE0ED51294E31C300D679EC /* SDWebImage */,
			);
			productName = RAWGVideoGamesTests;
			productReference = 7115C384294F83BD00E6DEA5 /* RAWGVideoGamesTests.xctest */;
			productType = "com.apple.product-type.bundle.unit-test";
		};
/* End PBXNativeTarget section */

/* Begin PBXProject section */
		71C13FF829432BE000B85AD6 /* Project object */ = {
			isa = PBXProject;
			attributes = {
				BuildIndependentTargetsInParallel = 1;
				LastSwiftUpdateCheck = 1410;
				LastUpgradeCheck = 1400;
				TargetAttributes = {
					71C13FFF29432BE000B85AD6 = {
						CreatedOnToolsVersion = 14.0;
					};
					EDE0ED42294E315500D679EC = {
						CreatedOnToolsVersion = 14.1;
						TestTargetID = 71C13FFF29432BE000B85AD6;
					};
				};
			};
			buildConfigurationList = 71C13FFB29432BE000B85AD6 /* Build configuration list for PBXProject "RAWGVideoGames" */;
			compatibilityVersion = "Xcode 14.0";
			developmentRegion = en;
			hasScannedForEncodings = 0;
			knownRegions = (
				en,
				Base,
				tr,
			);
			mainGroup = 71C13FF729432BE000B85AD6;
			packageReferences = (
				EDE0ED3C294E301C00D679EC /* XCRemoteSwiftPackageReference "SDWebImage" */,
			);
			productRefGroup = 71C13FF729432BE000B85AD6;
			projectDirPath = "";
			projectRoot = "";
			targets = (
				71C13FFF29432BE000B85AD6 /* RAWGVideoGames */,
				EDE0ED42294E315500D679EC /* RAWGVideoGamesTests */,
			);
		};
/* End PBXProject section */

/* Begin PBXResourcesBuildPhase section */
		71C13FFE29432BE000B85AD6 /* Resources */ = {
			isa = PBXResourcesBuildPhase;
			buildActionMask = 2147483647;
			files = (
				71C1401329432BE100B85AD6 /* LaunchScreen.storyboard in Resources */,
				7167277A2946817300F8527F /* Localizable.strings in Resources */,
				71C1401029432BE100B85AD6 /* Assets.xcassets in Resources */,
				71C1400B29432BE000B85AD6 /* Main.storyboard in Resources */,
			);
			runOnlyForDeploymentPostprocessing = 0;
		};
		EDE0ED41294E315500D679EC /* Resources */ = {
			isa = PBXResourcesBuildPhase;
			buildActionMask = 2147483647;
			files = (
			);
			runOnlyForDeploymentPostprocessing = 0;
		};
/* End PBXResourcesBuildPhase section */

/* Begin PBXSourcesBuildPhase section */
		71C13FFC29432BE000B85AD6 /* Sources */ = {
			isa = PBXSourcesBuildPhase;
			buildActionMask = 2147483647;
			files = (
				71A5D41D2943F9B2000B4E53 /* GameDetailViewModel.swift in Sources */,
				71C1400829432BE000B85AD6 /* GameListViewController.swift in Sources */,
				71A5D4212944A711000B4E53 /* CoreDataManager.swift in Sources */,
				716727552944BA4B00F8527F /* FavoriteGameListViewController.swift in Sources */,
				7142B97E294E27E400E5A033 /* AppDelegate.swift in Sources */,
				71C140EE2943D29F00B85AD6 /* GameDetailModel.swift in Sources */,
				71C140E72943BB6B00B85AD6 /* BaseViewController.swift in Sources */,
				71C140E329438A0400B85AD6 /* GameListTableViewCell.swift in Sources */,
				716727642945312E00F8527F /* GameNoteListViewController.swift in Sources */,
				71672766294536AD00F8527F /* GameNoteListViewModel.swift in Sources */,
				716727682945393A00F8527F /* GameNoteAddingEditingViewController.swift in Sources */,
				7167275B2944C5F600F8527F /* FavoriteGameListTableViewCell.swift in Sources */,
				71C140D62943676E00B85AD6 /* GetGamesResponseModel.swift in Sources */,
				71C140D229435CC100B85AD6 /* Client.swift in Sources */,
				71A5D41F29448DD2000B4E53 /* GameDetailViewController.swift in Sources */,
				7142B97A294DF87B00E5A033 /* DateExtension.swift in Sources */,
				71AACCD42949DC8E00EEE387 /* UIViewExtension.swift in Sources */,
				71C140DC294373E700B85AD6 /* GameListViewModel.swift in Sources */,
				71AACCCF2948A05400EEE387 /* GameNoteReminderTableViewCell.swift in Sources */,
				71C1400629432BE000B85AD6 /* SceneDelegate.swift in Sources */,
				71C140D429435DB800B85AD6 /* Constants.swift in Sources */,
				7167277F29471D6F00F8527F /* LocalNotificationManager.swift in Sources */,
				71677FF9294C6FD000AEE426 /* IconLabelStackView.swift in Sources */,
				716727572944BCD500F8527F /* FavoriteGameListViewModel.swift in Sources */,
				7167276F29467DBB00F8527F /* StringExtension.swift in Sources */,
				7167276A29453F6400F8527F /* GameNotAddingEditingViewModel.swift in Sources */,
				EDE0ED3A294E2E2F00D679EC /* RAWGVideoGames.xcdatamodeld in Sources */,
				7167276C29460EFD00F8527F /* GameNoteListTableViewCell.swift in Sources */,
				71C140D8294367AE00B85AD6 /* GameModel.swift in Sources */,
			);
			runOnlyForDeploymentPostprocessing = 0;
		};
		EDE0ED3F294E315500D679EC /* Sources */ = {
			isa = PBXSourcesBuildPhase;
			buildActionMask = 2147483647;
			files = (
				71F48F64294E6F3800151237 /* FavoriteGameListViewModelUnitTest.swift in Sources */,
				7142B98B294E4E5800E5A033 /* GameDetailViewModelFetchUnitTest.swift in Sources */,
				EDE0ED4F294E316F00D679EC /* GameListViewModelUnitTest.swift in Sources */,
				71F48F6A294E835300151237 /* GameNoteListViewModelUnitTest.swift in Sources */,
				711C0F03294E99C4003D6C92 /* GameNoteAddingEditingViewModelUnitTest.swift in Sources */,
				EDE0ED4E294E316F00D679EC /* GameDetailViewModelUnitTest.swift in Sources */,
				7115C37C294F3AF400E6DEA5 /* LocalNotificationManagerUnitTest.swift in Sources */,
				7115C37A294F36F700E6DEA5 /* ExtensionsUnitTest.swift in Sources */,
			);
			runOnlyForDeploymentPostprocessing = 0;
		};
/* End PBXSourcesBuildPhase section */

/* Begin PBXTargetDependency section */
		EDE0ED48294E315500D679EC /* PBXTargetDependency */ = {
			isa = PBXTargetDependency;
			target = 71C13FFF29432BE000B85AD6 /* RAWGVideoGames */;
			targetProxy = EDE0ED47294E315500D679EC /* PBXContainerItemProxy */;
		};
/* End PBXTargetDependency section */

/* Begin PBXVariantGroup section */
		7167277C2946817300F8527F /* Localizable.strings */ = {
			isa = PBXVariantGroup;
			children = (
				7167277B2946817300F8527F /* en */,
				7167277D2946817600F8527F /* tr */,
			);
			name = Localizable.strings;
			sourceTree = "<group>";
		};
		71C1400929432BE000B85AD6 /* Main.storyboard */ = {
			isa = PBXVariantGroup;
			children = (
				71C1400A29432BE000B85AD6 /* Base */,
				7142B97D294DFCDB00E5A033 /* tr */,
			);
			name = Main.storyboard;
			sourceTree = "<group>";
		};
		71C1401129432BE100B85AD6 /* LaunchScreen.storyboard */ = {
			isa = PBXVariantGroup;
			children = (
				71C1401229432BE100B85AD6 /* Base */,
				7167277129467EBF00F8527F /* tr */,
			);
			name = LaunchScreen.storyboard;
			sourceTree = "<group>";
		};
/* End PBXVariantGroup section */

/* Begin XCBuildConfiguration section */
		71C1402B29432BE100B85AD6 /* Debug */ = {
			isa = XCBuildConfiguration;
			buildSettings = {
				ALWAYS_SEARCH_USER_PATHS = NO;
				CLANG_ANALYZER_LOCALIZABILITY_NONLOCALIZED = YES;
				CLANG_ANALYZER_NONNULL = YES;
				CLANG_ANALYZER_NUMBER_OBJECT_CONVERSION = YES_AGGRESSIVE;
				CLANG_CXX_LANGUAGE_STANDARD = "gnu++20";
				CLANG_ENABLE_MODULES = YES;
				CLANG_ENABLE_OBJC_ARC = YES;
				CLANG_ENABLE_OBJC_WEAK = YES;
				CLANG_WARN_BLOCK_CAPTURE_AUTORELEASING = YES;
				CLANG_WARN_BOOL_CONVERSION = YES;
				CLANG_WARN_COMMA = YES;
				CLANG_WARN_CONSTANT_CONVERSION = YES;
				CLANG_WARN_DEPRECATED_OBJC_IMPLEMENTATIONS = YES;
				CLANG_WARN_DIRECT_OBJC_ISA_USAGE = YES_ERROR;
				CLANG_WARN_DOCUMENTATION_COMMENTS = YES;
				CLANG_WARN_EMPTY_BODY = YES;
				CLANG_WARN_ENUM_CONVERSION = YES;
				CLANG_WARN_INFINITE_RECURSION = YES;
				CLANG_WARN_INT_CONVERSION = YES;
				CLANG_WARN_NON_LITERAL_NULL_CONVERSION = YES;
				CLANG_WARN_OBJC_IMPLICIT_RETAIN_SELF = YES;
				CLANG_WARN_OBJC_LITERAL_CONVERSION = YES;
				CLANG_WARN_OBJC_ROOT_CLASS = YES_ERROR;
				CLANG_WARN_QUOTED_INCLUDE_IN_FRAMEWORK_HEADER = YES;
				CLANG_WARN_RANGE_LOOP_ANALYSIS = YES;
				CLANG_WARN_STRICT_PROTOTYPES = YES;
				CLANG_WARN_SUSPICIOUS_MOVE = YES;
				CLANG_WARN_UNGUARDED_AVAILABILITY = YES_AGGRESSIVE;
				CLANG_WARN_UNREACHABLE_CODE = YES;
				CLANG_WARN__DUPLICATE_METHOD_MATCH = YES;
				COPY_PHASE_STRIP = NO;
				DEBUG_INFORMATION_FORMAT = dwarf;
				ENABLE_STRICT_OBJC_MSGSEND = YES;
				ENABLE_TESTABILITY = YES;
				GCC_C_LANGUAGE_STANDARD = gnu11;
				GCC_DYNAMIC_NO_PIC = NO;
				GCC_NO_COMMON_BLOCKS = YES;
				GCC_OPTIMIZATION_LEVEL = 0;
				GCC_PREPROCESSOR_DEFINITIONS = (
					"DEBUG=1",
					"$(inherited)",
				);
				GCC_WARN_64_TO_32_BIT_CONVERSION = YES;
				GCC_WARN_ABOUT_RETURN_TYPE = YES_ERROR;
				GCC_WARN_UNDECLARED_SELECTOR = YES;
				GCC_WARN_UNINITIALIZED_AUTOS = YES_AGGRESSIVE;
				GCC_WARN_UNUSED_FUNCTION = YES;
				GCC_WARN_UNUSED_VARIABLE = YES;
				IPHONEOS_DEPLOYMENT_TARGET = 16.0;
				MTL_ENABLE_DEBUG_INFO = INCLUDE_SOURCE;
				MTL_FAST_MATH = YES;
				ONLY_ACTIVE_ARCH = YES;
				SDKROOT = iphoneos;
				SWIFT_ACTIVE_COMPILATION_CONDITIONS = DEBUG;
				SWIFT_OPTIMIZATION_LEVEL = "-Onone";
			};
			name = Debug;
		};
		71C1402C29432BE100B85AD6 /* Release */ = {
			isa = XCBuildConfiguration;
			buildSettings = {
				ALWAYS_SEARCH_USER_PATHS = NO;
				CLANG_ANALYZER_LOCALIZABILITY_NONLOCALIZED = YES;
				CLANG_ANALYZER_NONNULL = YES;
				CLANG_ANALYZER_NUMBER_OBJECT_CONVERSION = YES_AGGRESSIVE;
				CLANG_CXX_LANGUAGE_STANDARD = "gnu++20";
				CLANG_ENABLE_MODULES = YES;
				CLANG_ENABLE_OBJC_ARC = YES;
				CLANG_ENABLE_OBJC_WEAK = YES;
				CLANG_WARN_BLOCK_CAPTURE_AUTORELEASING = YES;
				CLANG_WARN_BOOL_CONVERSION = YES;
				CLANG_WARN_COMMA = YES;
				CLANG_WARN_CONSTANT_CONVERSION = YES;
				CLANG_WARN_DEPRECATED_OBJC_IMPLEMENTATIONS = YES;
				CLANG_WARN_DIRECT_OBJC_ISA_USAGE = YES_ERROR;
				CLANG_WARN_DOCUMENTATION_COMMENTS = YES;
				CLANG_WARN_EMPTY_BODY = YES;
				CLANG_WARN_ENUM_CONVERSION = YES;
				CLANG_WARN_INFINITE_RECURSION = YES;
				CLANG_WARN_INT_CONVERSION = YES;
				CLANG_WARN_NON_LITERAL_NULL_CONVERSION = YES;
				CLANG_WARN_OBJC_IMPLICIT_RETAIN_SELF = YES;
				CLANG_WARN_OBJC_LITERAL_CONVERSION = YES;
				CLANG_WARN_OBJC_ROOT_CLASS = YES_ERROR;
				CLANG_WARN_QUOTED_INCLUDE_IN_FRAMEWORK_HEADER = YES;
				CLANG_WARN_RANGE_LOOP_ANALYSIS = YES;
				CLANG_WARN_STRICT_PROTOTYPES = YES;
				CLANG_WARN_SUSPICIOUS_MOVE = YES;
				CLANG_WARN_UNGUARDED_AVAILABILITY = YES_AGGRESSIVE;
				CLANG_WARN_UNREACHABLE_CODE = YES;
				CLANG_WARN__DUPLICATE_METHOD_MATCH = YES;
				COPY_PHASE_STRIP = NO;
				DEBUG_INFORMATION_FORMAT = "dwarf-with-dsym";
				ENABLE_NS_ASSERTIONS = NO;
				ENABLE_STRICT_OBJC_MSGSEND = YES;
				GCC_C_LANGUAGE_STANDARD = gnu11;
				GCC_NO_COMMON_BLOCKS = YES;
				GCC_WARN_64_TO_32_BIT_CONVERSION = YES;
				GCC_WARN_ABOUT_RETURN_TYPE = YES_ERROR;
				GCC_WARN_UNDECLARED_SELECTOR = YES;
				GCC_WARN_UNINITIALIZED_AUTOS = YES_AGGRESSIVE;
				GCC_WARN_UNUSED_FUNCTION = YES;
				GCC_WARN_UNUSED_VARIABLE = YES;
				IPHONEOS_DEPLOYMENT_TARGET = 16.0;
				MTL_ENABLE_DEBUG_INFO = NO;
				MTL_FAST_MATH = YES;
				SDKROOT = iphoneos;
				SWIFT_COMPILATION_MODE = wholemodule;
				SWIFT_OPTIMIZATION_LEVEL = "-O";
				VALIDATE_PRODUCT = YES;
			};
			name = Release;
		};
		71C1402E29432BE100B85AD6 /* Debug */ = {
			isa = XCBuildConfiguration;
			buildSettings = {
				ASSETCATALOG_COMPILER_APPICON_NAME = AppIcon;
				ASSETCATALOG_COMPILER_GLOBAL_ACCENT_COLOR_NAME = AccentColor;
				CODE_SIGN_STYLE = Automatic;
				CURRENT_PROJECT_VERSION = 1;
				DEVELOPMENT_TEAM = 2HKWNL3FP6;
				GENERATE_INFOPLIST_FILE = YES;
				INFOPLIST_FILE = RAWGVideoGames/Info.plist;
				INFOPLIST_KEY_UIApplicationSupportsIndirectInputEvents = YES;
				INFOPLIST_KEY_UILaunchStoryboardName = LaunchScreen;
				INFOPLIST_KEY_UIMainStoryboardFile = Main;
				INFOPLIST_KEY_UISupportedInterfaceOrientations_iPad = "UIInterfaceOrientationPortrait UIInterfaceOrientationPortraitUpsideDown UIInterfaceOrientationLandscapeLeft UIInterfaceOrientationLandscapeRight";
				INFOPLIST_KEY_UISupportedInterfaceOrientations_iPhone = "UIInterfaceOrientationPortrait UIInterfaceOrientationLandscapeLeft UIInterfaceOrientationLandscapeRight";
				LD_RUNPATH_SEARCH_PATHS = (
					"$(inherited)",
					"@executable_path/Frameworks",
				);
				MARKETING_VERSION = 1.0;
				PRODUCT_BUNDLE_IDENTIFIER = com.OgunBirinci.RAWGVideoGames;
				PRODUCT_NAME = "$(TARGET_NAME)";
				SWIFT_EMIT_LOC_STRINGS = YES;
				SWIFT_VERSION = 5.0;
				TARGETED_DEVICE_FAMILY = "1,2";
			};
			name = Debug;
		};
		71C1402F29432BE100B85AD6 /* Release */ = {
			isa = XCBuildConfiguration;
			buildSettings = {
				ASSETCATALOG_COMPILER_APPICON_NAME = AppIcon;
				ASSETCATALOG_COMPILER_GLOBAL_ACCENT_COLOR_NAME = AccentColor;
				CODE_SIGN_STYLE = Automatic;
				CURRENT_PROJECT_VERSION = 1;
				DEVELOPMENT_TEAM = 2HKWNL3FP6;
				GENERATE_INFOPLIST_FILE = YES;
				INFOPLIST_FILE = RAWGVideoGames/Info.plist;
				INFOPLIST_KEY_UIApplicationSupportsIndirectInputEvents = YES;
				INFOPLIST_KEY_UILaunchStoryboardName = LaunchScreen;
				INFOPLIST_KEY_UIMainStoryboardFile = Main;
				INFOPLIST_KEY_UISupportedInterfaceOrientations_iPad = "UIInterfaceOrientationPortrait UIInterfaceOrientationPortraitUpsideDown UIInterfaceOrientationLandscapeLeft UIInterfaceOrientationLandscapeRight";
				INFOPLIST_KEY_UISupportedInterfaceOrientations_iPhone = "UIInterfaceOrientationPortrait UIInterfaceOrientationLandscapeLeft UIInterfaceOrientationLandscapeRight";
				LD_RUNPATH_SEARCH_PATHS = (
					"$(inherited)",
					"@executable_path/Frameworks",
				);
				MARKETING_VERSION = 1.0;
				PRODUCT_BUNDLE_IDENTIFIER = com.OgunBirinci.RAWGVideoGames;
				PRODUCT_NAME = "$(TARGET_NAME)";
				SWIFT_EMIT_LOC_STRINGS = YES;
				SWIFT_VERSION = 5.0;
				TARGETED_DEVICE_FAMILY = "1,2";
			};
			name = Release;
		};
		EDE0ED4A294E315500D679EC /* Debug */ = {
			isa = XCBuildConfiguration;
			buildSettings = {
				BUNDLE_LOADER = "$(TEST_HOST)";
				CODE_SIGN_STYLE = Automatic;
				CURRENT_PROJECT_VERSION = 1;
				GENERATE_INFOPLIST_FILE = YES;
				IPHONEOS_DEPLOYMENT_TARGET = 16.0;
				MACOSX_DEPLOYMENT_TARGET = 13.0;
				MARKETING_VERSION = 1.0;
				PRODUCT_BUNDLE_IDENTIFIER = com.OgunBirinci.RAWGVideoGamesTests;
				PRODUCT_NAME = "$(TARGET_NAME)";
				SDKROOT = auto;
				SUPPORTED_PLATFORMS = "iphoneos iphonesimulator macosx";
				SWIFT_EMIT_LOC_STRINGS = NO;
				SWIFT_VERSION = 5.0;
				TARGETED_DEVICE_FAMILY = "1,2";
				TEST_HOST = "$(BUILT_PRODUCTS_DIR)/RAWGVideoGames.app/$(BUNDLE_EXECUTABLE_FOLDER_PATH)/RAWGVideoGames";
			};
			name = Debug;
		};
		EDE0ED4B294E315500D679EC /* Release */ = {
			isa = XCBuildConfiguration;
			buildSettings = {
				BUNDLE_LOADER = "$(TEST_HOST)";
				CODE_SIGN_STYLE = Automatic;
				CURRENT_PROJECT_VERSION = 1;
				GENERATE_INFOPLIST_FILE = YES;
				IPHONEOS_DEPLOYMENT_TARGET = 16.0;
				MACOSX_DEPLOYMENT_TARGET = 13.0;
				MARKETING_VERSION = 1.0;
				PRODUCT_BUNDLE_IDENTIFIER = com.OgunBirinci.RAWGVideoGamesTests;
				PRODUCT_NAME = "$(TARGET_NAME)";
				SDKROOT = auto;
				SUPPORTED_PLATFORMS = "iphoneos iphonesimulator macosx";
				SWIFT_EMIT_LOC_STRINGS = NO;
				SWIFT_VERSION = 5.0;
				TARGETED_DEVICE_FAMILY = "1,2";
				TEST_HOST = "$(BUILT_PRODUCTS_DIR)/RAWGVideoGames.app/$(BUNDLE_EXECUTABLE_FOLDER_PATH)/RAWGVideoGames";
			};
			name = Release;
		};
/* End XCBuildConfiguration section */

/* Begin XCConfigurationList section */
		71C13FFB29432BE000B85AD6 /* Build configuration list for PBXProject "RAWGVideoGames" */ = {
			isa = XCConfigurationList;
			buildConfigurations = (
				71C1402B29432BE100B85AD6 /* Debug */,
				71C1402C29432BE100B85AD6 /* Release */,
			);
			defaultConfigurationIsVisible = 0;
			defaultConfigurationName = Release;
		};
		71C1402D29432BE100B85AD6 /* Build configuration list for PBXNativeTarget "RAWGVideoGames" */ = {
			isa = XCConfigurationList;
			buildConfigurations = (
				71C1402E29432BE100B85AD6 /* Debug */,
				71C1402F29432BE100B85AD6 /* Release */,
			);
			defaultConfigurationIsVisible = 0;
			defaultConfigurationName = Release;
		};
		EDE0ED49294E315500D679EC /* Build configuration list for PBXNativeTarget "RAWGVideoGamesTests" */ = {
			isa = XCConfigurationList;
			buildConfigurations = (
				EDE0ED4A294E315500D679EC /* Debug */,
				EDE0ED4B294E315500D679EC /* Release */,
			);
			defaultConfigurationIsVisible = 0;
			defaultConfigurationName = Release;
		};
/* End XCConfigurationList section */

/* Begin XCRemoteSwiftPackageReference section */
		EDE0ED3C294E301C00D679EC /* XCRemoteSwiftPackageReference "SDWebImage" */ = {
			isa = XCRemoteSwiftPackageReference;
			repositoryURL = "https://github.com/SDWebImage/SDWebImage.git";
			requirement = {
				kind = upToNextMajorVersion;
				minimumVersion = 5.0.0;
			};
		};
/* End XCRemoteSwiftPackageReference section */

/* Begin XCSwiftPackageProductDependency section */
		EDE0ED3D294E301C00D679EC /* SDWebImage */ = {
			isa = XCSwiftPackageProductDependency;
			package = EDE0ED3C294E301C00D679EC /* XCRemoteSwiftPackageReference "SDWebImage" */;
			productName = SDWebImage;
		};
		EDE0ED51294E31C300D679EC /* SDWebImage */ = {
			isa = XCSwiftPackageProductDependency;
			package = EDE0ED3C294E301C00D679EC /* XCRemoteSwiftPackageReference "SDWebImage" */;
			productName = SDWebImage;
		};
/* End XCSwiftPackageProductDependency section */

/* Begin XCVersionGroup section */
		EDE0ED38294E2E2F00D679EC /* RAWGVideoGames.xcdatamodeld */ = {
			isa = XCVersionGroup;
			children = (
				EDE0ED39294E2E2F00D679EC /* RAWGVideoGames.xcdatamodel */,
			);
			currentVersion = EDE0ED39294E2E2F00D679EC /* RAWGVideoGames.xcdatamodel */;
			path = RAWGVideoGames.xcdatamodeld;
			sourceTree = "<group>";
			versionGroupType = wrapper.xcdatamodel;
		};
/* End XCVersionGroup section */
	};
	rootObject = 71C13FF829432BE000B85AD6 /* Project object */;
}
