// !$*UTF8*$!
{
	archiveVersion = 1;
	classes = {
	};
	objectVersion = 56;
	objects = {

/* Begin PBXBuildFile section */
		716727552944BA4B00F8527F /* FavoriteGameListViewController.swift in Sources */ = {isa = PBXBuildFile; fileRef = 716727542944BA4B00F8527F /* FavoriteGameListViewController.swift */; };
		716727572944BCD500F8527F /* FavoriteGameListViewModel.swift in Sources */ = {isa = PBXBuildFile; fileRef = 716727562944BCD500F8527F /* FavoriteGameListViewModel.swift */; };
		7167275B2944C5F600F8527F /* FavoriteGameListTableViewCell.swift in Sources */ = {isa = PBXBuildFile; fileRef = 7167275A2944C5F600F8527F /* FavoriteGameListTableViewCell.swift */; };
		716727642945312E00F8527F /* GameNoteListViewController.swift in Sources */ = {isa = PBXBuildFile; fileRef = 716727632945312E00F8527F /* GameNoteListViewController.swift */; };
		71A5D41D2943F9B2000B4E53 /* GameDetailViewModel.swift in Sources */ = {isa = PBXBuildFile; fileRef = 71A5D41C2943F9B2000B4E53 /* GameDetailViewModel.swift */; };
		71A5D41F29448DD2000B4E53 /* GameDetailViewController.swift in Sources */ = {isa = PBXBuildFile; fileRef = 71A5D41E29448DD2000B4E53 /* GameDetailViewController.swift */; };
		71A5D4212944A711000B4E53 /* CoreDataManager.swift in Sources */ = {isa = PBXBuildFile; fileRef = 71A5D4202944A711000B4E53 /* CoreDataManager.swift */; };
		71C1400429432BE000B85AD6 /* AppDelegate.swift in Sources */ = {isa = PBXBuildFile; fileRef = 71C1400329432BE000B85AD6 /* AppDelegate.swift */; };
		71C1400629432BE000B85AD6 /* SceneDelegate.swift in Sources */ = {isa = PBXBuildFile; fileRef = 71C1400529432BE000B85AD6 /* SceneDelegate.swift */; };
		71C1400829432BE000B85AD6 /* GameListViewController.swift in Sources */ = {isa = PBXBuildFile; fileRef = 71C1400729432BE000B85AD6 /* GameListViewController.swift */; };
		71C1400B29432BE000B85AD6 /* Main.storyboard in Resources */ = {isa = PBXBuildFile; fileRef = 71C1400929432BE000B85AD6 /* Main.storyboard */; };
		71C1400E29432BE000B85AD6 /* RAWGVideoGames.xcdatamodeld in Sources */ = {isa = PBXBuildFile; fileRef = 71C1400C29432BE000B85AD6 /* RAWGVideoGames.xcdatamodeld */; };
		71C1401029432BE100B85AD6 /* Assets.xcassets in Resources */ = {isa = PBXBuildFile; fileRef = 71C1400F29432BE100B85AD6 /* Assets.xcassets */; };
		71C1401329432BE100B85AD6 /* LaunchScreen.storyboard in Resources */ = {isa = PBXBuildFile; fileRef = 71C1401129432BE100B85AD6 /* LaunchScreen.storyboard */; };
		71C1401E29432BE100B85AD6 /* RAWGVideoGamesTests.swift in Sources */ = {isa = PBXBuildFile; fileRef = 71C1401D29432BE100B85AD6 /* RAWGVideoGamesTests.swift */; };
		71C1402829432BE100B85AD6 /* RAWGVideoGamesUITests.swift in Sources */ = {isa = PBXBuildFile; fileRef = 71C1402729432BE100B85AD6 /* RAWGVideoGamesUITests.swift */; };
		71C1402A29432BE100B85AD6 /* RAWGVideoGamesUITestsLaunchTests.swift in Sources */ = {isa = PBXBuildFile; fileRef = 71C1402929432BE100B85AD6 /* RAWGVideoGamesUITestsLaunchTests.swift */; };
		71C140D229435CC100B85AD6 /* Client.swift in Sources */ = {isa = PBXBuildFile; fileRef = 71C140D129435CC100B85AD6 /* Client.swift */; };
		71C140D429435DB800B85AD6 /* Constants.swift in Sources */ = {isa = PBXBuildFile; fileRef = 71C140D329435DB800B85AD6 /* Constants.swift */; };
		71C140D62943676E00B85AD6 /* GetGamesResponseModel.swift in Sources */ = {isa = PBXBuildFile; fileRef = 71C140D52943676E00B85AD6 /* GetGamesResponseModel.swift */; };
		71C140D8294367AE00B85AD6 /* GameModel.swift in Sources */ = {isa = PBXBuildFile; fileRef = 71C140D7294367AE00B85AD6 /* GameModel.swift */; };
		71C140DC294373E700B85AD6 /* GameListViewModel.swift in Sources */ = {isa = PBXBuildFile; fileRef = 71C140DB294373E700B85AD6 /* GameListViewModel.swift */; };
		71C140E12943797200B85AD6 /* SDWebImage in Frameworks */ = {isa = PBXBuildFile; productRef = 71C140E02943797200B85AD6 /* SDWebImage */; };
		71C140E329438A0400B85AD6 /* GameListTableViewCell.swift in Sources */ = {isa = PBXBuildFile; fileRef = 71C140E229438A0400B85AD6 /* GameListTableViewCell.swift */; };
		71C140E72943BB6B00B85AD6 /* BaseViewController.swift in Sources */ = {isa = PBXBuildFile; fileRef = 71C140E62943BB6B00B85AD6 /* BaseViewController.swift */; };
		71C140EE2943D29F00B85AD6 /* GameDetailModel.swift in Sources */ = {isa = PBXBuildFile; fileRef = 71C140ED2943D29F00B85AD6 /* GameDetailModel.swift */; };
/* End PBXBuildFile section */

/* Begin PBXContainerItemProxy section */
		71C1401A29432BE100B85AD6 /* PBXContainerItemProxy */ = {
			isa = PBXContainerItemProxy;
			containerPortal = 71C13FF829432BE000B85AD6 /* Project object */;
			proxyType = 1;
			remoteGlobalIDString = 71C13FFF29432BE000B85AD6;
			remoteInfo = RAWGVideoGames;
		};
		71C1402429432BE100B85AD6 /* PBXContainerItemProxy */ = {
			isa = PBXContainerItemProxy;
			containerPortal = 71C13FF829432BE000B85AD6 /* Project object */;
			proxyType = 1;
			remoteGlobalIDString = 71C13FFF29432BE000B85AD6;
			remoteInfo = RAWGVideoGames;
		};
/* End PBXContainerItemProxy section */

/* Begin PBXFileReference section */
		716727542944BA4B00F8527F /* FavoriteGameListViewController.swift */ = {isa = PBXFileReference; lastKnownFileType = sourcecode.swift; path = FavoriteGameListViewController.swift; sourceTree = "<group>"; };
		716727562944BCD500F8527F /* FavoriteGameListViewModel.swift */ = {isa = PBXFileReference; lastKnownFileType = sourcecode.swift; path = FavoriteGameListViewModel.swift; sourceTree = "<group>"; };
		7167275A2944C5F600F8527F /* FavoriteGameListTableViewCell.swift */ = {isa = PBXFileReference; lastKnownFileType = sourcecode.swift; path = FavoriteGameListTableViewCell.swift; sourceTree = "<group>"; };
		716727632945312E00F8527F /* GameNoteListViewController.swift */ = {isa = PBXFileReference; lastKnownFileType = sourcecode.swift; path = GameNoteListViewController.swift; sourceTree = "<group>"; };
		71A5D41C2943F9B2000B4E53 /* GameDetailViewModel.swift */ = {isa = PBXFileReference; lastKnownFileType = sourcecode.swift; path = GameDetailViewModel.swift; sourceTree = "<group>"; };
		71A5D41E29448DD2000B4E53 /* GameDetailViewController.swift */ = {isa = PBXFileReference; lastKnownFileType = sourcecode.swift; path = GameDetailViewController.swift; sourceTree = "<group>"; };
		71A5D4202944A711000B4E53 /* CoreDataManager.swift */ = {isa = PBXFileReference; lastKnownFileType = sourcecode.swift; path = CoreDataManager.swift; sourceTree = "<group>"; };
		71C1400029432BE000B85AD6 /* RAWGVideoGames.app */ = {isa = PBXFileReference; explicitFileType = wrapper.application; includeInIndex = 0; path = RAWGVideoGames.app; sourceTree = BUILT_PRODUCTS_DIR; };
		71C1400329432BE000B85AD6 /* AppDelegate.swift */ = {isa = PBXFileReference; lastKnownFileType = sourcecode.swift; path = AppDelegate.swift; sourceTree = "<group>"; };
		71C1400529432BE000B85AD6 /* SceneDelegate.swift */ = {isa = PBXFileReference; lastKnownFileType = sourcecode.swift; path = SceneDelegate.swift; sourceTree = "<group>"; };
		71C1400729432BE000B85AD6 /* GameListViewController.swift */ = {isa = PBXFileReference; lastKnownFileType = sourcecode.swift; path = GameListViewController.swift; sourceTree = "<group>"; };
		71C1400A29432BE000B85AD6 /* Base */ = {isa = PBXFileReference; lastKnownFileType = file.storyboard; name = Base; path = Base.lproj/Main.storyboard; sourceTree = "<group>"; };
		71C1400D29432BE000B85AD6 /* RAWGVideoGames.xcdatamodel */ = {isa = PBXFileReference; lastKnownFileType = wrapper.xcdatamodel; path = RAWGVideoGames.xcdatamodel; sourceTree = "<group>"; };
		71C1400F29432BE100B85AD6 /* Assets.xcassets */ = {isa = PBXFileReference; lastKnownFileType = folder.assetcatalog; path = Assets.xcassets; sourceTree = "<group>"; };
		71C1401229432BE100B85AD6 /* Base */ = {isa = PBXFileReference; lastKnownFileType = file.storyboard; name = Base; path = Base.lproj/LaunchScreen.storyboard; sourceTree = "<group>"; };
		71C1401429432BE100B85AD6 /* Info.plist */ = {isa = PBXFileReference; lastKnownFileType = text.plist.xml; path = Info.plist; sourceTree = "<group>"; };
		71C1401929432BE100B85AD6 /* RAWGVideoGamesTests.xctest */ = {isa = PBXFileReference; explicitFileType = wrapper.cfbundle; includeInIndex = 0; path = RAWGVideoGamesTests.xctest; sourceTree = BUILT_PRODUCTS_DIR; };
		71C1401D29432BE100B85AD6 /* RAWGVideoGamesTests.swift */ = {isa = PBXFileReference; lastKnownFileType = sourcecode.swift; path = RAWGVideoGamesTests.swift; sourceTree = "<group>"; };
		71C1402329432BE100B85AD6 /* RAWGVideoGamesUITests.xctest */ = {isa = PBXFileReference; explicitFileType = wrapper.cfbundle; includeInIndex = 0; path = RAWGVideoGamesUITests.xctest; sourceTree = BUILT_PRODUCTS_DIR; };
		71C1402729432BE100B85AD6 /* RAWGVideoGamesUITests.swift */ = {isa = PBXFileReference; lastKnownFileType = sourcecode.swift; path = RAWGVideoGamesUITests.swift; sourceTree = "<group>"; };
		71C1402929432BE100B85AD6 /* RAWGVideoGamesUITestsLaunchTests.swift */ = {isa = PBXFileReference; lastKnownFileType = sourcecode.swift; path = RAWGVideoGamesUITestsLaunchTests.swift; sourceTree = "<group>"; };
		71C140D129435CC100B85AD6 /* Client.swift */ = {isa = PBXFileReference; lastKnownFileType = sourcecode.swift; path = Client.swift; sourceTree = "<group>"; };
		71C140D329435DB800B85AD6 /* Constants.swift */ = {isa = PBXFileReference; lastKnownFileType = sourcecode.swift; path = Constants.swift; sourceTree = "<group>"; };
		71C140D52943676E00B85AD6 /* GetGamesResponseModel.swift */ = {isa = PBXFileReference; lastKnownFileType = sourcecode.swift; path = GetGamesResponseModel.swift; sourceTree = "<group>"; };
		71C140D7294367AE00B85AD6 /* GameModel.swift */ = {isa = PBXFileReference; lastKnownFileType = sourcecode.swift; path = GameModel.swift; sourceTree = "<group>"; };
		71C140DB294373E700B85AD6 /* GameListViewModel.swift */ = {isa = PBXFileReference; lastKnownFileType = sourcecode.swift; path = GameListViewModel.swift; sourceTree = "<group>"; };
		71C140E229438A0400B85AD6 /* GameListTableViewCell.swift */ = {isa = PBXFileReference; lastKnownFileType = sourcecode.swift; path = GameListTableViewCell.swift; sourceTree = "<group>"; };
		71C140E62943BB6B00B85AD6 /* BaseViewController.swift */ = {isa = PBXFileReference; lastKnownFileType = sourcecode.swift; path = BaseViewController.swift; sourceTree = "<group>"; };
		71C140ED2943D29F00B85AD6 /* GameDetailModel.swift */ = {isa = PBXFileReference; lastKnownFileType = sourcecode.swift; path = GameDetailModel.swift; sourceTree = "<group>"; };
/* End PBXFileReference section */

/* Begin PBXFrameworksBuildPhase section */
		71C13FFD29432BE000B85AD6 /* Frameworks */ = {
			isa = PBXFrameworksBuildPhase;
			buildActionMask = 2147483647;
			files = (
				71C140E12943797200B85AD6 /* SDWebImage in Frameworks */,
			);
			runOnlyForDeploymentPostprocessing = 0;
		};
		71C1401629432BE100B85AD6 /* Frameworks */ = {
			isa = PBXFrameworksBuildPhase;
			buildActionMask = 2147483647;
			files = (
			);
			runOnlyForDeploymentPostprocessing = 0;
		};
		71C1402029432BE100B85AD6 /* Frameworks */ = {
			isa = PBXFrameworksBuildPhase;
			buildActionMask = 2147483647;
			files = (
			);
			runOnlyForDeploymentPostprocessing = 0;
		};
/* End PBXFrameworksBuildPhase section */

/* Begin PBXGroup section */
		7167275E29452F6100F8527F /* GameNotes */ = {
			isa = PBXGroup;
			children = (
				716727622945301300F8527F /* Model */,
				716727612945301000F8527F /* View */,
				716727602945300A00F8527F /* ViewModel */,
				7167275F2945300000F8527F /* Controller */,
			);
			path = GameNotes;
			sourceTree = "<group>";
		};
		7167275F2945300000F8527F /* Controller */ = {
			isa = PBXGroup;
			children = (
				716727632945312E00F8527F /* GameNoteListViewController.swift */,
			);
			path = Controller;
			sourceTree = "<group>";
		};
		716727602945300A00F8527F /* ViewModel */ = {
			isa = PBXGroup;
			children = (
			);
			path = ViewModel;
			sourceTree = "<group>";
		};
		716727612945301000F8527F /* View */ = {
			isa = PBXGroup;
			children = (
			);
			path = View;
			sourceTree = "<group>";
		};
		716727622945301300F8527F /* Model */ = {
			isa = PBXGroup;
			children = (
			);
			path = Model;
			sourceTree = "<group>";
		};
		71A5D4222944B9A5000B4E53 /* FavoriteGameList */ = {
			isa = PBXGroup;
			children = (
				71A5D4262944B9CA000B4E53 /* View */,
				71A5D4252944B9C6000B4E53 /* ViewModel */,
				71A5D4242944B9C2000B4E53 /* Model */,
				71A5D4232944B9BD000B4E53 /* Controller */,
			);
			path = FavoriteGameList;
			sourceTree = "<group>";
		};
		71A5D4232944B9BD000B4E53 /* Controller */ = {
			isa = PBXGroup;
			children = (
				716727542944BA4B00F8527F /* FavoriteGameListViewController.swift */,
			);
			path = Controller;
			sourceTree = "<group>";
		};
		71A5D4242944B9C2000B4E53 /* Model */ = {
			isa = PBXGroup;
			children = (
			);
			path = Model;
			sourceTree = "<group>";
		};
		71A5D4252944B9C6000B4E53 /* ViewModel */ = {
			isa = PBXGroup;
			children = (
				716727562944BCD500F8527F /* FavoriteGameListViewModel.swift */,
			);
			path = ViewModel;
			sourceTree = "<group>";
		};
		71A5D4262944B9CA000B4E53 /* View */ = {
			isa = PBXGroup;
			children = (
				7167275A2944C5F600F8527F /* FavoriteGameListTableViewCell.swift */,
			);
			path = View;
			sourceTree = "<group>";
		};
		71C13FF729432BE000B85AD6 = {
			isa = PBXGroup;
			children = (
				71C1400229432BE000B85AD6 /* RAWGVideoGames */,
				71C1401C29432BE100B85AD6 /* RAWGVideoGamesTests */,
				71C1402629432BE100B85AD6 /* RAWGVideoGamesUITests */,
				71C1400129432BE000B85AD6 /* Products */,
			);
			sourceTree = "<group>";
		};
		71C1400129432BE000B85AD6 /* Products */ = {
			isa = PBXGroup;
			children = (
				71C1400029432BE000B85AD6 /* RAWGVideoGames.app */,
				71C1401929432BE100B85AD6 /* RAWGVideoGamesTests.xctest */,
				71C1402329432BE100B85AD6 /* RAWGVideoGamesUITests.xctest */,
			);
			name = Products;
			sourceTree = "<group>";
		};
		71C1400229432BE000B85AD6 /* RAWGVideoGames */ = {
			isa = PBXGroup;
			children = (
				71C140D029435CB300B85AD6 /* Core */,
				71C14038294331FE00B85AD6 /* Scene */,
				71C14036294331BB00B85AD6 /* App */,
				71C1401429432BE100B85AD6 /* Info.plist */,
				71C1400C29432BE000B85AD6 /* RAWGVideoGames.xcdatamodeld */,
			);
			path = RAWGVideoGames;
			sourceTree = "<group>";
		};
		71C1401C29432BE100B85AD6 /* RAWGVideoGamesTests */ = {
			isa = PBXGroup;
			children = (
				71C1401D29432BE100B85AD6 /* RAWGVideoGamesTests.swift */,
			);
			path = RAWGVideoGamesTests;
			sourceTree = "<group>";
		};
		71C1402629432BE100B85AD6 /* RAWGVideoGamesUITests */ = {
			isa = PBXGroup;
			children = (
				71C1402729432BE100B85AD6 /* RAWGVideoGamesUITests.swift */,
				71C1402929432BE100B85AD6 /* RAWGVideoGamesUITestsLaunchTests.swift */,
			);
			path = RAWGVideoGamesUITests;
			sourceTree = "<group>";
		};
		71C14036294331BB00B85AD6 /* App */ = {
			isa = PBXGroup;
			children = (
				71C1400929432BE000B85AD6 /* Main.storyboard */,
				71C1401129432BE100B85AD6 /* LaunchScreen.storyboard */,
				71C1400329432BE000B85AD6 /* AppDelegate.swift */,
				71C1400529432BE000B85AD6 /* SceneDelegate.swift */,
				71C1400F29432BE100B85AD6 /* Assets.xcassets */,
				71C140D329435DB800B85AD6 /* Constants.swift */,
			);
			path = App;
			sourceTree = "<group>";
		};
		71C14038294331FE00B85AD6 /* Scene */ = {
			isa = PBXGroup;
			children = (
				7167275E29452F6100F8527F /* GameNotes */,
				71A5D4222944B9A5000B4E53 /* FavoriteGameList */,
				71C140E82943D09800B85AD6 /* GameDetail */,
				71C140C7294358CA00B85AD6 /* GameList */,
			);
			path = Scene;
			sourceTree = "<group>";
		};
		71C140C7294358CA00B85AD6 /* GameList */ = {
			isa = PBXGroup;
			children = (
				71C140CB294358E000B85AD6 /* View */,
				71C140CA294358DA00B85AD6 /* ViewModel */,
				71C140C9294358D600B85AD6 /* Model */,
				71C140C8294358D100B85AD6 /* Controller */,
			);
			path = GameList;
			sourceTree = "<group>";
		};
		71C140C8294358D100B85AD6 /* Controller */ = {
			isa = PBXGroup;
			children = (
				71C1400729432BE000B85AD6 /* GameListViewController.swift */,
			);
			path = Controller;
			sourceTree = "<group>";
		};
		71C140C9294358D600B85AD6 /* Model */ = {
			isa = PBXGroup;
			children = (
				71C140D52943676E00B85AD6 /* GetGamesResponseModel.swift */,
				71C140D7294367AE00B85AD6 /* GameModel.swift */,
			);
			path = Model;
			sourceTree = "<group>";
		};
		71C140CA294358DA00B85AD6 /* ViewModel */ = {
			isa = PBXGroup;
			children = (
				71C140DB294373E700B85AD6 /* GameListViewModel.swift */,
			);
			path = ViewModel;
			sourceTree = "<group>";
		};
		71C140CB294358E000B85AD6 /* View */ = {
			isa = PBXGroup;
			children = (
				71C140E229438A0400B85AD6 /* GameListTableViewCell.swift */,
			);
			path = View;
			sourceTree = "<group>";
		};
		71C140D029435CB300B85AD6 /* Core */ = {
			isa = PBXGroup;
			children = (
				71C140D129435CC100B85AD6 /* Client.swift */,
				71C140E62943BB6B00B85AD6 /* BaseViewController.swift */,
				71A5D4202944A711000B4E53 /* CoreDataManager.swift */,
			);
			path = Core;
			sourceTree = "<group>";
		};
		71C140E82943D09800B85AD6 /* GameDetail */ = {
			isa = PBXGroup;
			children = (
				71C140EC2943D0AD00B85AD6 /* Controller */,
				71C140EB2943D0AA00B85AD6 /* Model */,
				71C140EA2943D0A600B85AD6 /* ViewModel */,
				71C140E92943D0A200B85AD6 /* View */,
			);
			path = GameDetail;
			sourceTree = "<group>";
		};
		71C140E92943D0A200B85AD6 /* View */ = {
			isa = PBXGroup;
			children = (
			);
			path = View;
			sourceTree = "<group>";
		};
		71C140EA2943D0A600B85AD6 /* ViewModel */ = {
			isa = PBXGroup;
			children = (
				71A5D41C2943F9B2000B4E53 /* GameDetailViewModel.swift */,
			);
			path = ViewModel;
			sourceTree = "<group>";
		};
		71C140EB2943D0AA00B85AD6 /* Model */ = {
			isa = PBXGroup;
			children = (
				71C140ED2943D29F00B85AD6 /* GameDetailModel.swift */,
			);
			path = Model;
			sourceTree = "<group>";
		};
		71C140EC2943D0AD00B85AD6 /* Controller */ = {
			isa = PBXGroup;
			children = (
				71A5D41E29448DD2000B4E53 /* GameDetailViewController.swift */,
			);
			path = Controller;
			sourceTree = "<group>";
		};
/* End PBXGroup section */

/* Begin PBXNativeTarget section */
		71C13FFF29432BE000B85AD6 /* RAWGVideoGames */ = {
			isa = PBXNativeTarget;
			buildConfigurationList = 71C1402D29432BE100B85AD6 /* Build configuration list for PBXNativeTarget "RAWGVideoGames" */;
			buildPhases = (
				71C13FFC29432BE000B85AD6 /* Sources */,
				71C13FFD29432BE000B85AD6 /* Frameworks */,
				71C13FFE29432BE000B85AD6 /* Resources */,
			);
			buildRules = (
			);
			dependencies = (
			);
			name = RAWGVideoGames;
			packageProductDependencies = (
				71C140E02943797200B85AD6 /* SDWebImage */,
			);
			productName = RAWGVideoGames;
			productReference = 71C1400029432BE000B85AD6 /* RAWGVideoGames.app */;
			productType = "com.apple.product-type.application";
		};
		71C1401829432BE100B85AD6 /* RAWGVideoGamesTests */ = {
			isa = PBXNativeTarget;
			buildConfigurationList = 71C1403029432BE100B85AD6 /* Build configuration list for PBXNativeTarget "RAWGVideoGamesTests" */;
			buildPhases = (
				71C1401529432BE100B85AD6 /* Sources */,
				71C1401629432BE100B85AD6 /* Frameworks */,
				71C1401729432BE100B85AD6 /* Resources */,
			);
			buildRules = (
			);
			dependencies = (
				71C1401B29432BE100B85AD6 /* PBXTargetDependency */,
			);
			name = RAWGVideoGamesTests;
			productName = RAWGVideoGamesTests;
			productReference = 71C1401929432BE100B85AD6 /* RAWGVideoGamesTests.xctest */;
			productType = "com.apple.product-type.bundle.unit-test";
		};
		71C1402229432BE100B85AD6 /* RAWGVideoGamesUITests */ = {
			isa = PBXNativeTarget;
			buildConfigurationList = 71C1403329432BE100B85AD6 /* Build configuration list for PBXNativeTarget "RAWGVideoGamesUITests" */;
			buildPhases = (
				71C1401F29432BE100B85AD6 /* Sources */,
				71C1402029432BE100B85AD6 /* Frameworks */,
				71C1402129432BE100B85AD6 /* Resources */,
			);
			buildRules = (
			);
			dependencies = (
				71C1402529432BE100B85AD6 /* PBXTargetDependency */,
			);
			name = RAWGVideoGamesUITests;
			productName = RAWGVideoGamesUITests;
			productReference = 71C1402329432BE100B85AD6 /* RAWGVideoGamesUITests.xctest */;
			productType = "com.apple.product-type.bundle.ui-testing";
		};
/* End PBXNativeTarget section */

/* Begin PBXProject section */
		71C13FF829432BE000B85AD6 /* Project object */ = {
			isa = PBXProject;
			attributes = {
				BuildIndependentTargetsInParallel = 1;
				LastSwiftUpdateCheck = 1400;
				LastUpgradeCheck = 1400;
				TargetAttributes = {
					71C13FFF29432BE000B85AD6 = {
						CreatedOnToolsVersion = 14.0;
					};
					71C1401829432BE100B85AD6 = {
						CreatedOnToolsVersion = 14.0;
						TestTargetID = 71C13FFF29432BE000B85AD6;
					};
					71C1402229432BE100B85AD6 = {
						CreatedOnToolsVersion = 14.0;
						TestTargetID = 71C13FFF29432BE000B85AD6;
					};
				};
			};
			buildConfigurationList = 71C13FFB29432BE000B85AD6 /* Build configuration list for PBXProject "RAWGVideoGames" */;
			compatibilityVersion = "Xcode 14.0";
			developmentRegion = en;
			hasScannedForEncodings = 0;
			knownRegions = (
				en,
				Base,
			);
			mainGroup = 71C13FF729432BE000B85AD6;
			packageReferences = (
				71C140DF2943797200B85AD6 /* XCRemoteSwiftPackageReference "SDWebImage" */,
			);
			productRefGroup = 71C1400129432BE000B85AD6 /* Products */;
			projectDirPath = "";
			projectRoot = "";
			targets = (
				71C13FFF29432BE000B85AD6 /* RAWGVideoGames */,
				71C1401829432BE100B85AD6 /* RAWGVideoGamesTests */,
				71C1402229432BE100B85AD6 /* RAWGVideoGamesUITests */,
			);
		};
/* End PBXProject section */

/* Begin PBXResourcesBuildPhase section */
		71C13FFE29432BE000B85AD6 /* Resources */ = {
			isa = PBXResourcesBuildPhase;
			buildActionMask = 2147483647;
			files = (
				71C1401329432BE100B85AD6 /* LaunchScreen.storyboard in Resources */,
				71C1401029432BE100B85AD6 /* Assets.xcassets in Resources */,
				71C1400B29432BE000B85AD6 /* Main.storyboard in Resources */,
			);
			runOnlyForDeploymentPostprocessing = 0;
		};
		71C1401729432BE100B85AD6 /* Resources */ = {
			isa = PBXResourcesBuildPhase;
			buildActionMask = 2147483647;
			files = (
			);
			runOnlyForDeploymentPostprocessing = 0;
		};
		71C1402129432BE100B85AD6 /* Resources */ = {
			isa = PBXResourcesBuildPhase;
			buildActionMask = 2147483647;
			files = (
			);
			runOnlyForDeploymentPostprocessing = 0;
		};
/* End PBXResourcesBuildPhase section */

/* Begin PBXSourcesBuildPhase section */
		71C13FFC29432BE000B85AD6 /* Sources */ = {
			isa = PBXSourcesBuildPhase;
			buildActionMask = 2147483647;
			files = (
				71C1400E29432BE000B85AD6 /* RAWGVideoGames.xcdatamodeld in Sources */,
				71A5D41D2943F9B2000B4E53 /* GameDetailViewModel.swift in Sources */,
				71C1400829432BE000B85AD6 /* GameListViewController.swift in Sources */,
				71A5D4212944A711000B4E53 /* CoreDataManager.swift in Sources */,
				716727552944BA4B00F8527F /* FavoriteGameListViewController.swift in Sources */,
				71C140EE2943D29F00B85AD6 /* GameDetailModel.swift in Sources */,
				71C140E72943BB6B00B85AD6 /* BaseViewController.swift in Sources */,
				71C1400429432BE000B85AD6 /* AppDelegate.swift in Sources */,
				71C140E329438A0400B85AD6 /* GameListTableViewCell.swift in Sources */,
				716727642945312E00F8527F /* GameNoteListViewController.swift in Sources */,
				7167275B2944C5F600F8527F /* FavoriteGameListTableViewCell.swift in Sources */,
				71C140D62943676E00B85AD6 /* GetGamesResponseModel.swift in Sources */,
				71C140D229435CC100B85AD6 /* Client.swift in Sources */,
				71A5D41F29448DD2000B4E53 /* GameDetailViewController.swift in Sources */,
				71C140DC294373E700B85AD6 /* GameListViewModel.swift in Sources */,
				71C1400629432BE000B85AD6 /* SceneDelegate.swift in Sources */,
				71C140D429435DB800B85AD6 /* Constants.swift in Sources */,
				716727572944BCD500F8527F /* FavoriteGameListViewModel.swift in Sources */,
				71C140D8294367AE00B85AD6 /* GameModel.swift in Sources */,
			);
			runOnlyForDeploymentPostprocessing = 0;
		};
		71C1401529432BE100B85AD6 /* Sources */ = {
			isa = PBXSourcesBuildPhase;
			buildActionMask = 2147483647;
			files = (
				71C1401E29432BE100B85AD6 /* RAWGVideoGamesTests.swift in Sources */,
			);
			runOnlyForDeploymentPostprocessing = 0;
		};
		71C1401F29432BE100B85AD6 /* Sources */ = {
			isa = PBXSourcesBuildPhase;
			buildActionMask = 2147483647;
			files = (
				71C1402829432BE100B85AD6 /* RAWGVideoGamesUITests.swift in Sources */,
				71C1402A29432BE100B85AD6 /* RAWGVideoGamesUITestsLaunchTests.swift in Sources */,
			);
			runOnlyForDeploymentPostprocessing = 0;
		};
/* End PBXSourcesBuildPhase section */

/* Begin PBXTargetDependency section */
		71C1401B29432BE100B85AD6 /* PBXTargetDependency */ = {
			isa = PBXTargetDependency;
			target = 71C13FFF29432BE000B85AD6 /* RAWGVideoGames */;
			targetProxy = 71C1401A29432BE100B85AD6 /* PBXContainerItemProxy */;
		};
		71C1402529432BE100B85AD6 /* PBXTargetDependency */ = {
			isa = PBXTargetDependency;
			target = 71C13FFF29432BE000B85AD6 /* RAWGVideoGames */;
			targetProxy = 71C1402429432BE100B85AD6 /* PBXContainerItemProxy */;
		};
/* End PBXTargetDependency section */

/* Begin PBXVariantGroup section */
		71C1400929432BE000B85AD6 /* Main.storyboard */ = {
			isa = PBXVariantGroup;
			children = (
				71C1400A29432BE000B85AD6 /* Base */,
			);
			name = Main.storyboard;
			sourceTree = "<group>";
		};
		71C1401129432BE100B85AD6 /* LaunchScreen.storyboard */ = {
			isa = PBXVariantGroup;
			children = (
				71C1401229432BE100B85AD6 /* Base */,
			);
			name = LaunchScreen.storyboard;
			sourceTree = "<group>";
		};
/* End PBXVariantGroup section */

/* Begin XCBuildConfiguration section */
		71C1402B29432BE100B85AD6 /* Debug */ = {
			isa = XCBuildConfiguration;
			buildSettings = {
				ALWAYS_SEARCH_USER_PATHS = NO;
				CLANG_ANALYZER_NONNULL = YES;
				CLANG_ANALYZER_NUMBER_OBJECT_CONVERSION = YES_AGGRESSIVE;
				CLANG_CXX_LANGUAGE_STANDARD = "gnu++20";
				CLANG_ENABLE_MODULES = YES;
				CLANG_ENABLE_OBJC_ARC = YES;
				CLANG_ENABLE_OBJC_WEAK = YES;
				CLANG_WARN_BLOCK_CAPTURE_AUTORELEASING = YES;
				CLANG_WARN_BOOL_CONVERSION = YES;
				CLANG_WARN_COMMA = YES;
				CLANG_WARN_CONSTANT_CONVERSION = YES;
				CLANG_WARN_DEPRECATED_OBJC_IMPLEMENTATIONS = YES;
				CLANG_WARN_DIRECT_OBJC_ISA_USAGE = YES_ERROR;
				CLANG_WARN_DOCUMENTATION_COMMENTS = YES;
				CLANG_WARN_EMPTY_BODY = YES;
				CLANG_WARN_ENUM_CONVERSION = YES;
				CLANG_WARN_INFINITE_RECURSION = YES;
				CLANG_WARN_INT_CONVERSION = YES;
				CLANG_WARN_NON_LITERAL_NULL_CONVERSION = YES;
				CLANG_WARN_OBJC_IMPLICIT_RETAIN_SELF = YES;
				CLANG_WARN_OBJC_LITERAL_CONVERSION = YES;
				CLANG_WARN_OBJC_ROOT_CLASS = YES_ERROR;
				CLANG_WARN_QUOTED_INCLUDE_IN_FRAMEWORK_HEADER = YES;
				CLANG_WARN_RANGE_LOOP_ANALYSIS = YES;
				CLANG_WARN_STRICT_PROTOTYPES = YES;
				CLANG_WARN_SUSPICIOUS_MOVE = YES;
				CLANG_WARN_UNGUARDED_AVAILABILITY = YES_AGGRESSIVE;
				CLANG_WARN_UNREACHABLE_CODE = YES;
				CLANG_WARN__DUPLICATE_METHOD_MATCH = YES;
				COPY_PHASE_STRIP = NO;
				DEBUG_INFORMATION_FORMAT = dwarf;
				ENABLE_STRICT_OBJC_MSGSEND = YES;
				ENABLE_TESTABILITY = YES;
				GCC_C_LANGUAGE_STANDARD = gnu11;
				GCC_DYNAMIC_NO_PIC = NO;
				GCC_NO_COMMON_BLOCKS = YES;
				GCC_OPTIMIZATION_LEVEL = 0;
				GCC_PREPROCESSOR_DEFINITIONS = (
					"DEBUG=1",
					"$(inherited)",
				);
				GCC_WARN_64_TO_32_BIT_CONVERSION = YES;
				GCC_WARN_ABOUT_RETURN_TYPE = YES_ERROR;
				GCC_WARN_UNDECLARED_SELECTOR = YES;
				GCC_WARN_UNINITIALIZED_AUTOS = YES_AGGRESSIVE;
				GCC_WARN_UNUSED_FUNCTION = YES;
				GCC_WARN_UNUSED_VARIABLE = YES;
				IPHONEOS_DEPLOYMENT_TARGET = 16.0;
				MTL_ENABLE_DEBUG_INFO = INCLUDE_SOURCE;
				MTL_FAST_MATH = YES;
				ONLY_ACTIVE_ARCH = YES;
				SDKROOT = iphoneos;
				SWIFT_ACTIVE_COMPILATION_CONDITIONS = DEBUG;
				SWIFT_OPTIMIZATION_LEVEL = "-Onone";
			};
			name = Debug;
		};
		71C1402C29432BE100B85AD6 /* Release */ = {
			isa = XCBuildConfiguration;
			buildSettings = {
				ALWAYS_SEARCH_USER_PATHS = NO;
				CLANG_ANALYZER_NONNULL = YES;
				CLANG_ANALYZER_NUMBER_OBJECT_CONVERSION = YES_AGGRESSIVE;
				CLANG_CXX_LANGUAGE_STANDARD = "gnu++20";
				CLANG_ENABLE_MODULES = YES;
				CLANG_ENABLE_OBJC_ARC = YES;
				CLANG_ENABLE_OBJC_WEAK = YES;
				CLANG_WARN_BLOCK_CAPTURE_AUTORELEASING = YES;
				CLANG_WARN_BOOL_CONVERSION = YES;
				CLANG_WARN_COMMA = YES;
				CLANG_WARN_CONSTANT_CONVERSION = YES;
				CLANG_WARN_DEPRECATED_OBJC_IMPLEMENTATIONS = YES;
				CLANG_WARN_DIRECT_OBJC_ISA_USAGE = YES_ERROR;
				CLANG_WARN_DOCUMENTATION_COMMENTS = YES;
				CLANG_WARN_EMPTY_BODY = YES;
				CLANG_WARN_ENUM_CONVERSION = YES;
				CLANG_WARN_INFINITE_RECURSION = YES;
				CLANG_WARN_INT_CONVERSION = YES;
				CLANG_WARN_NON_LITERAL_NULL_CONVERSION = YES;
				CLANG_WARN_OBJC_IMPLICIT_RETAIN_SELF = YES;
				CLANG_WARN_OBJC_LITERAL_CONVERSION = YES;
				CLANG_WARN_OBJC_ROOT_CLASS = YES_ERROR;
				CLANG_WARN_QUOTED_INCLUDE_IN_FRAMEWORK_HEADER = YES;
				CLANG_WARN_RANGE_LOOP_ANALYSIS = YES;
				CLANG_WARN_STRICT_PROTOTYPES = YES;
				CLANG_WARN_SUSPICIOUS_MOVE = YES;
				CLANG_WARN_UNGUARDED_AVAILABILITY = YES_AGGRESSIVE;
				CLANG_WARN_UNREACHABLE_CODE = YES;
				CLANG_WARN__DUPLICATE_METHOD_MATCH = YES;
				COPY_PHASE_STRIP = NO;
				DEBUG_INFORMATION_FORMAT = "dwarf-with-dsym";
				ENABLE_NS_ASSERTIONS = NO;
				ENABLE_STRICT_OBJC_MSGSEND = YES;
				GCC_C_LANGUAGE_STANDARD = gnu11;
				GCC_NO_COMMON_BLOCKS = YES;
				GCC_WARN_64_TO_32_BIT_CONVERSION = YES;
				GCC_WARN_ABOUT_RETURN_TYPE = YES_ERROR;
				GCC_WARN_UNDECLARED_SELECTOR = YES;
				GCC_WARN_UNINITIALIZED_AUTOS = YES_AGGRESSIVE;
				GCC_WARN_UNUSED_FUNCTION = YES;
				GCC_WARN_UNUSED_VARIABLE = YES;
				IPHONEOS_DEPLOYMENT_TARGET = 16.0;
				MTL_ENABLE_DEBUG_INFO = NO;
				MTL_FAST_MATH = YES;
				SDKROOT = iphoneos;
				SWIFT_COMPILATION_MODE = wholemodule;
				SWIFT_OPTIMIZATION_LEVEL = "-O";
				VALIDATE_PRODUCT = YES;
			};
			name = Release;
		};
		71C1402E29432BE100B85AD6 /* Debug */ = {
			isa = XCBuildConfiguration;
			buildSettings = {
				ASSETCATALOG_COMPILER_APPICON_NAME = AppIcon;
				ASSETCATALOG_COMPILER_GLOBAL_ACCENT_COLOR_NAME = AccentColor;
				CODE_SIGN_STYLE = Automatic;
				CURRENT_PROJECT_VERSION = 1;
				DEVELOPMENT_TEAM = 2HKWNL3FP6;
				GENERATE_INFOPLIST_FILE = YES;
				INFOPLIST_FILE = RAWGVideoGames/Info.plist;
				INFOPLIST_KEY_UIApplicationSupportsIndirectInputEvents = YES;
				INFOPLIST_KEY_UILaunchStoryboardName = LaunchScreen;
				INFOPLIST_KEY_UIMainStoryboardFile = Main;
				INFOPLIST_KEY_UISupportedInterfaceOrientations_iPad = "UIInterfaceOrientationPortrait UIInterfaceOrientationPortraitUpsideDown UIInterfaceOrientationLandscapeLeft UIInterfaceOrientationLandscapeRight";
				INFOPLIST_KEY_UISupportedInterfaceOrientations_iPhone = "UIInterfaceOrientationPortrait UIInterfaceOrientationLandscapeLeft UIInterfaceOrientationLandscapeRight";
				LD_RUNPATH_SEARCH_PATHS = (
					"$(inherited)",
					"@executable_path/Frameworks",
				);
				MARKETING_VERSION = 1.0;
				PRODUCT_BUNDLE_IDENTIFIER = com.OgunBirinci.RAWGVideoGames;
				PRODUCT_NAME = "$(TARGET_NAME)";
				SWIFT_EMIT_LOC_STRINGS = YES;
				SWIFT_VERSION = 5.0;
				TARGETED_DEVICE_FAMILY = "1,2";
			};
			name = Debug;
		};
		71C1402F29432BE100B85AD6 /* Release */ = {
			isa = XCBuildConfiguration;
			buildSettings = {
				ASSETCATALOG_COMPILER_APPICON_NAME = AppIcon;
				ASSETCATALOG_COMPILER_GLOBAL_ACCENT_COLOR_NAME = AccentColor;
				CODE_SIGN_STYLE = Automatic;
				CURRENT_PROJECT_VERSION = 1;
				DEVELOPMENT_TEAM = 2HKWNL3FP6;
				GENERATE_INFOPLIST_FILE = YES;
				INFOPLIST_FILE = RAWGVideoGames/Info.plist;
				INFOPLIST_KEY_UIApplicationSupportsIndirectInputEvents = YES;
				INFOPLIST_KEY_UILaunchStoryboardName = LaunchScreen;
				INFOPLIST_KEY_UIMainStoryboardFile = Main;
				INFOPLIST_KEY_UISupportedInterfaceOrientations_iPad = "UIInterfaceOrientationPortrait UIInterfaceOrientationPortraitUpsideDown UIInterfaceOrientationLandscapeLeft UIInterfaceOrientationLandscapeRight";
				INFOPLIST_KEY_UISupportedInterfaceOrientations_iPhone = "UIInterfaceOrientationPortrait UIInterfaceOrientationLandscapeLeft UIInterfaceOrientationLandscapeRight";
				LD_RUNPATH_SEARCH_PATHS = (
					"$(inherited)",
					"@executable_path/Frameworks",
				);
				MARKETING_VERSION = 1.0;
				PRODUCT_BUNDLE_IDENTIFIER = com.OgunBirinci.RAWGVideoGames;
				PRODUCT_NAME = "$(TARGET_NAME)";
				SWIFT_EMIT_LOC_STRINGS = YES;
				SWIFT_VERSION = 5.0;
				TARGETED_DEVICE_FAMILY = "1,2";
			};
			name = Release;
		};
		71C1403129432BE100B85AD6 /* Debug */ = {
			isa = XCBuildConfiguration;
			buildSettings = {
				ALWAYS_EMBED_SWIFT_STANDARD_LIBRARIES = YES;
				BUNDLE_LOADER = "$(TEST_HOST)";
				CODE_SIGN_STYLE = Automatic;
				CURRENT_PROJECT_VERSION = 1;
				DEVELOPMENT_TEAM = 2HKWNL3FP6;
				GENERATE_INFOPLIST_FILE = YES;
				IPHONEOS_DEPLOYMENT_TARGET = 16.0;
				MARKETING_VERSION = 1.0;
				PRODUCT_BUNDLE_IDENTIFIER = com.OgunBirinci.RAWGVideoGamesTests;
				PRODUCT_NAME = "$(TARGET_NAME)";
				SWIFT_EMIT_LOC_STRINGS = NO;
				SWIFT_VERSION = 5.0;
				TARGETED_DEVICE_FAMILY = "1,2";
				TEST_HOST = "$(BUILT_PRODUCTS_DIR)/RAWGVideoGames.app/$(BUNDLE_EXECUTABLE_FOLDER_PATH)/RAWGVideoGames";
			};
			name = Debug;
		};
		71C1403229432BE100B85AD6 /* Release */ = {
			isa = XCBuildConfiguration;
			buildSettings = {
				ALWAYS_EMBED_SWIFT_STANDARD_LIBRARIES = YES;
				BUNDLE_LOADER = "$(TEST_HOST)";
				CODE_SIGN_STYLE = Automatic;
				CURRENT_PROJECT_VERSION = 1;
				DEVELOPMENT_TEAM = 2HKWNL3FP6;
				GENERATE_INFOPLIST_FILE = YES;
				IPHONEOS_DEPLOYMENT_TARGET = 16.0;
				MARKETING_VERSION = 1.0;
				PRODUCT_BUNDLE_IDENTIFIER = com.OgunBirinci.RAWGVideoGamesTests;
				PRODUCT_NAME = "$(TARGET_NAME)";
				SWIFT_EMIT_LOC_STRINGS = NO;
				SWIFT_VERSION = 5.0;
				TARGETED_DEVICE_FAMILY = "1,2";
				TEST_HOST = "$(BUILT_PRODUCTS_DIR)/RAWGVideoGames.app/$(BUNDLE_EXECUTABLE_FOLDER_PATH)/RAWGVideoGames";
			};
			name = Release;
		};
		71C1403429432BE100B85AD6 /* Debug */ = {
			isa = XCBuildConfiguration;
			buildSettings = {
				ALWAYS_EMBED_SWIFT_STANDARD_LIBRARIES = YES;
				CODE_SIGN_STYLE = Automatic;
				CURRENT_PROJECT_VERSION = 1;
				DEVELOPMENT_TEAM = 2HKWNL3FP6;
				GENERATE_INFOPLIST_FILE = YES;
				MARKETING_VERSION = 1.0;
				PRODUCT_BUNDLE_IDENTIFIER = com.OgunBirinci.RAWGVideoGamesUITests;
				PRODUCT_NAME = "$(TARGET_NAME)";
				SWIFT_EMIT_LOC_STRINGS = NO;
				SWIFT_VERSION = 5.0;
				TARGETED_DEVICE_FAMILY = "1,2";
				TEST_TARGET_NAME = RAWGVideoGames;
			};
			name = Debug;
		};
		71C1403529432BE100B85AD6 /* Release */ = {
			isa = XCBuildConfiguration;
			buildSettings = {
				ALWAYS_EMBED_SWIFT_STANDARD_LIBRARIES = YES;
				CODE_SIGN_STYLE = Automatic;
				CURRENT_PROJECT_VERSION = 1;
				DEVELOPMENT_TEAM = 2HKWNL3FP6;
				GENERATE_INFOPLIST_FILE = YES;
				MARKETING_VERSION = 1.0;
				PRODUCT_BUNDLE_IDENTIFIER = com.OgunBirinci.RAWGVideoGamesUITests;
				PRODUCT_NAME = "$(TARGET_NAME)";
				SWIFT_EMIT_LOC_STRINGS = NO;
				SWIFT_VERSION = 5.0;
				TARGETED_DEVICE_FAMILY = "1,2";
				TEST_TARGET_NAME = RAWGVideoGames;
			};
			name = Release;
		};
/* End XCBuildConfiguration section */

/* Begin XCConfigurationList section */
		71C13FFB29432BE000B85AD6 /* Build configuration list for PBXProject "RAWGVideoGames" */ = {
			isa = XCConfigurationList;
			buildConfigurations = (
				71C1402B29432BE100B85AD6 /* Debug */,
				71C1402C29432BE100B85AD6 /* Release */,
			);
			defaultConfigurationIsVisible = 0;
			defaultConfigurationName = Release;
		};
		71C1402D29432BE100B85AD6 /* Build configuration list for PBXNativeTarget "RAWGVideoGames" */ = {
			isa = XCConfigurationList;
			buildConfigurations = (
				71C1402E29432BE100B85AD6 /* Debug */,
				71C1402F29432BE100B85AD6 /* Release */,
			);
			defaultConfigurationIsVisible = 0;
			defaultConfigurationName = Release;
		};
		71C1403029432BE100B85AD6 /* Build configuration list for PBXNativeTarget "RAWGVideoGamesTests" */ = {
			isa = XCConfigurationList;
			buildConfigurations = (
				71C1403129432BE100B85AD6 /* Debug */,
				71C1403229432BE100B85AD6 /* Release */,
			);
			defaultConfigurationIsVisible = 0;
			defaultConfigurationName = Release;
		};
		71C1403329432BE100B85AD6 /* Build configuration list for PBXNativeTarget "RAWGVideoGamesUITests" */ = {
			isa = XCConfigurationList;
			buildConfigurations = (
				71C1403429432BE100B85AD6 /* Debug */,
				71C1403529432BE100B85AD6 /* Release */,
			);
			defaultConfigurationIsVisible = 0;
			defaultConfigurationName = Release;
		};
/* End XCConfigurationList section */

/* Begin XCRemoteSwiftPackageReference section */
		71C140DF2943797200B85AD6 /* XCRemoteSwiftPackageReference "SDWebImage" */ = {
			isa = XCRemoteSwiftPackageReference;
			repositoryURL = "https://github.com/SDWebImage/SDWebImage.git";
			requirement = {
				branch = master;
				kind = branch;
			};
		};
/* End XCRemoteSwiftPackageReference section */

/* Begin XCSwiftPackageProductDependency section */
		71C140E02943797200B85AD6 /* SDWebImage */ = {
			isa = XCSwiftPackageProductDependency;
			package = 71C140DF2943797200B85AD6 /* XCRemoteSwiftPackageReference "SDWebImage" */;
			productName = SDWebImage;
		};
/* End XCSwiftPackageProductDependency section */

/* Begin XCVersionGroup section */
		71C1400C29432BE000B85AD6 /* RAWGVideoGames.xcdatamodeld */ = {
			isa = XCVersionGroup;
			children = (
				71C1400D29432BE000B85AD6 /* RAWGVideoGames.xcdatamodel */,
			);
			currentVersion = 71C1400D29432BE000B85AD6 /* RAWGVideoGames.xcdatamodel */;
			path = RAWGVideoGames.xcdatamodeld;
			sourceTree = "<group>";
			versionGroupType = wrapper.xcdatamodel;
		};
/* End XCVersionGroup section */
	};
	rootObject = 71C13FF829432BE000B85AD6 /* Project object */;
}
